// !$*UTF8*$!
{
	archiveVersion = 1;
	classes = {
	};
	objectVersion = 56;
	objects = {

/* Begin PBXBuildFile section */
		084FDAAC2AB6590B0015E8EE /* craktApp.swift in Sources */ = {isa = PBXBuildFile; fileRef = 084FDAAB2AB6590B0015E8EE /* craktApp.swift */; };
		084FDAAE2AB6590B0015E8EE /* Persistence.swift in Sources */ = {isa = PBXBuildFile; fileRef = 084FDAAD2AB6590B0015E8EE /* Persistence.swift */; };
		084FDAB12AB6590B0015E8EE /* crakt.xcdatamodeld in Sources */ = {isa = PBXBuildFile; fileRef = 084FDAAF2AB6590B0015E8EE /* crakt.xcdatamodeld */; };
		084FDAB32AB6590B0015E8EE /* ContentView.swift in Sources */ = {isa = PBXBuildFile; fileRef = 084FDAB22AB6590B0015E8EE /* ContentView.swift */; };
		084FDAB52AB6590C0015E8EE /* Assets.xcassets in Resources */ = {isa = PBXBuildFile; fileRef = 084FDAB42AB6590C0015E8EE /* Assets.xcassets */; };
		084FDAB92AB6590C0015E8EE /* Preview Assets.xcassets in Resources */ = {isa = PBXBuildFile; fileRef = 084FDAB82AB6590C0015E8EE /* Preview Assets.xcassets */; };
		084FDAC32AB6590D0015E8EE /* craktTests.swift in Sources */ = {isa = PBXBuildFile; fileRef = 084FDAC22AB6590D0015E8EE /* craktTests.swift */; };
		084FDACD2AB6590D0015E8EE /* craktUITests.swift in Sources */ = {isa = PBXBuildFile; fileRef = 084FDACC2AB6590D0015E8EE /* craktUITests.swift */; };
		084FDACF2AB6590D0015E8EE /* craktUITestsLaunchTests.swift in Sources */ = {isa = PBXBuildFile; fileRef = 084FDACE2AB6590D0015E8EE /* craktUITestsLaunchTests.swift */; };
/* End PBXBuildFile section */

/* Begin PBXContainerItemProxy section */
		084FDABF2AB6590D0015E8EE /* PBXContainerItemProxy */ = {
			isa = PBXContainerItemProxy;
			containerPortal = 084FDAA02AB6590B0015E8EE /* Project object */;
			proxyType = 1;
			remoteGlobalIDString = 084FDAA72AB6590B0015E8EE;
			remoteInfo = crakt;
		};
		084FDAC92AB6590D0015E8EE /* PBXContainerItemProxy */ = {
			isa = PBXContainerItemProxy;
			containerPortal = 084FDAA02AB6590B0015E8EE /* Project object */;
			proxyType = 1;
			remoteGlobalIDString = 084FDAA72AB6590B0015E8EE;
			remoteInfo = crakt;
		};
/* End PBXContainerItemProxy section */

/* Begin PBXFileReference section */
		084FDAA82AB6590B0015E8EE /* crakt.app */ = {isa = PBXFileReference; explicitFileType = wrapper.application; includeInIndex = 0; path = crakt.app; sourceTree = BUILT_PRODUCTS_DIR; };
		084FDAAB2AB6590B0015E8EE /* craktApp.swift */ = {isa = PBXFileReference; lastKnownFileType = sourcecode.swift; path = craktApp.swift; sourceTree = "<group>"; };
		084FDAAD2AB6590B0015E8EE /* Persistence.swift */ = {isa = PBXFileReference; lastKnownFileType = sourcecode.swift; path = Persistence.swift; sourceTree = "<group>"; };
		084FDAB02AB6590B0015E8EE /* crakt.xcdatamodel */ = {isa = PBXFileReference; lastKnownFileType = wrapper.xcdatamodel; path = crakt.xcdatamodel; sourceTree = "<group>"; };
		084FDAB22AB6590B0015E8EE /* ContentView.swift */ = {isa = PBXFileReference; lastKnownFileType = sourcecode.swift; path = ContentView.swift; sourceTree = "<group>"; };
		084FDAB42AB6590C0015E8EE /* Assets.xcassets */ = {isa = PBXFileReference; lastKnownFileType = folder.assetcatalog; path = Assets.xcassets; sourceTree = "<group>"; };
		084FDAB62AB6590C0015E8EE /* crakt.entitlements */ = {isa = PBXFileReference; lastKnownFileType = text.plist.entitlements; path = crakt.entitlements; sourceTree = "<group>"; };
		084FDAB82AB6590C0015E8EE /* Preview Assets.xcassets */ = {isa = PBXFileReference; lastKnownFileType = folder.assetcatalog; path = "Preview Assets.xcassets"; sourceTree = "<group>"; };
		084FDABE2AB6590D0015E8EE /* craktTests.xctest */ = {isa = PBXFileReference; explicitFileType = wrapper.cfbundle; includeInIndex = 0; path = craktTests.xctest; sourceTree = BUILT_PRODUCTS_DIR; };
		084FDAC22AB6590D0015E8EE /* craktTests.swift */ = {isa = PBXFileReference; lastKnownFileType = sourcecode.swift; path = craktTests.swift; sourceTree = "<group>"; };
		084FDAC82AB6590D0015E8EE /* craktUITests.xctest */ = {isa = PBXFileReference; explicitFileType = wrapper.cfbundle; includeInIndex = 0; path = craktUITests.xctest; sourceTree = BUILT_PRODUCTS_DIR; };
		084FDACC2AB6590D0015E8EE /* craktUITests.swift */ = {isa = PBXFileReference; lastKnownFileType = sourcecode.swift; path = craktUITests.swift; sourceTree = "<group>"; };
		084FDACE2AB6590D0015E8EE /* craktUITestsLaunchTests.swift */ = {isa = PBXFileReference; lastKnownFileType = sourcecode.swift; path = craktUITestsLaunchTests.swift; sourceTree = "<group>"; };
/* End PBXFileReference section */

/* Begin PBXFrameworksBuildPhase section */
		084FDAA52AB6590B0015E8EE /* Frameworks */ = {
			isa = PBXFrameworksBuildPhase;
			buildActionMask = 2147483647;
			files = (
			);
			runOnlyForDeploymentPostprocessing = 0;
		};
		084FDABB2AB6590D0015E8EE /* Frameworks */ = {
			isa = PBXFrameworksBuildPhase;
			buildActionMask = 2147483647;
			files = (
			);
			runOnlyForDeploymentPostprocessing = 0;
		};
		084FDAC52AB6590D0015E8EE /* Frameworks */ = {
			isa = PBXFrameworksBuildPhase;
			buildActionMask = 2147483647;
			files = (
			);
			runOnlyForDeploymentPostprocessing = 0;
		};
/* End PBXFrameworksBuildPhase section */

/* Begin PBXGroup section */
		084FDA9F2AB6590B0015E8EE = {
			isa = PBXGroup;
			children = (
				084FDAAA2AB6590B0015E8EE /* crakt */,
				084FDAC12AB6590D0015E8EE /* craktTests */,
				084FDACB2AB6590D0015E8EE /* craktUITests */,
				084FDAA92AB6590B0015E8EE /* Products */,
			);
			sourceTree = "<group>";
		};
		084FDAA92AB6590B0015E8EE /* Products */ = {
			isa = PBXGroup;
			children = (
				084FDAA82AB6590B0015E8EE /* crakt.app */,
				084FDABE2AB6590D0015E8EE /* craktTests.xctest */,
				084FDAC82AB6590D0015E8EE /* craktUITests.xctest */,
			);
			name = Products;
			sourceTree = "<group>";
		};
		084FDAAA2AB6590B0015E8EE /* crakt */ = {
			isa = PBXGroup;
			children = (
				084FDAAB2AB6590B0015E8EE /* craktApp.swift */,
				084FDAAD2AB6590B0015E8EE /* Persistence.swift */,
				084FDAB22AB6590B0015E8EE /* ContentView.swift */,
				084FDAB42AB6590C0015E8EE /* Assets.xcassets */,
				084FDAB62AB6590C0015E8EE /* crakt.entitlements */,
				084FDAAF2AB6590B0015E8EE /* crakt.xcdatamodeld */,
				084FDAB72AB6590C0015E8EE /* Preview Content */,
			);
			path = crakt;
			sourceTree = "<group>";
		};
		084FDAB72AB6590C0015E8EE /* Preview Content */ = {
			isa = PBXGroup;
			children = (
				084FDAB82AB6590C0015E8EE /* Preview Assets.xcassets */,
			);
			path = "Preview Content";
			sourceTree = "<group>";
		};
		084FDAC12AB6590D0015E8EE /* craktTests */ = {
			isa = PBXGroup;
			children = (
				084FDAC22AB6590D0015E8EE /* craktTests.swift */,
			);
			path = craktTests;
			sourceTree = "<group>";
		};
		084FDACB2AB6590D0015E8EE /* craktUITests */ = {
			isa = PBXGroup;
			children = (
				084FDACC2AB6590D0015E8EE /* craktUITests.swift */,
				084FDACE2AB6590D0015E8EE /* craktUITestsLaunchTests.swift */,
			);
			path = craktUITests;
			sourceTree = "<group>";
		};
/* End PBXGroup section */

/* Begin PBXNativeTarget section */
		084FDAA72AB6590B0015E8EE /* crakt */ = {
			isa = PBXNativeTarget;
			buildConfigurationList = 084FDAD22AB6590D0015E8EE /* Build configuration list for PBXNativeTarget "crakt" */;
			buildPhases = (
				084FDAA42AB6590B0015E8EE /* Sources */,
				084FDAA52AB6590B0015E8EE /* Frameworks */,
				084FDAA62AB6590B0015E8EE /* Resources */,
			);
			buildRules = (
			);
			dependencies = (
			);
			name = crakt;
			productName = crakt;
			productReference = 084FDAA82AB6590B0015E8EE /* crakt.app */;
			productType = "com.apple.product-type.application";
		};
		084FDABD2AB6590D0015E8EE /* craktTests */ = {
			isa = PBXNativeTarget;
			buildConfigurationList = 084FDAD52AB6590D0015E8EE /* Build configuration list for PBXNativeTarget "craktTests" */;
			buildPhases = (
				084FDABA2AB6590D0015E8EE /* Sources */,
				084FDABB2AB6590D0015E8EE /* Frameworks */,
				084FDABC2AB6590D0015E8EE /* Resources */,
			);
			buildRules = (
			);
			dependencies = (
				084FDAC02AB6590D0015E8EE /* PBXTargetDependency */,
			);
			name = craktTests;
			productName = craktTests;
			productReference = 084FDABE2AB6590D0015E8EE /* craktTests.xctest */;
			productType = "com.apple.product-type.bundle.unit-test";
		};
		084FDAC72AB6590D0015E8EE /* craktUITests */ = {
			isa = PBXNativeTarget;
			buildConfigurationList = 084FDAD82AB6590D0015E8EE /* Build configuration list for PBXNativeTarget "craktUITests" */;
			buildPhases = (
				084FDAC42AB6590D0015E8EE /* Sources */,
				084FDAC52AB6590D0015E8EE /* Frameworks */,
				084FDAC62AB6590D0015E8EE /* Resources */,
			);
			buildRules = (
			);
			dependencies = (
				084FDACA2AB6590D0015E8EE /* PBXTargetDependency */,
			);
			name = craktUITests;
			productName = craktUITests;
			productReference = 084FDAC82AB6590D0015E8EE /* craktUITests.xctest */;
			productType = "com.apple.product-type.bundle.ui-testing";
		};
/* End PBXNativeTarget section */

/* Begin PBXProject section */
		084FDAA02AB6590B0015E8EE /* Project object */ = {
			isa = PBXProject;
			attributes = {
				BuildIndependentTargetsInParallel = 1;
				LastSwiftUpdateCheck = 1430;
				LastUpgradeCheck = 1430;
				TargetAttributes = {
					084FDAA72AB6590B0015E8EE = {
						CreatedOnToolsVersion = 14.3.1;
					};
					084FDABD2AB6590D0015E8EE = {
						CreatedOnToolsVersion = 14.3.1;
						TestTargetID = 084FDAA72AB6590B0015E8EE;
					};
					084FDAC72AB6590D0015E8EE = {
						CreatedOnToolsVersion = 14.3.1;
						TestTargetID = 084FDAA72AB6590B0015E8EE;
					};
				};
			};
			buildConfigurationList = 084FDAA32AB6590B0015E8EE /* Build configuration list for PBXProject "crakt" */;
			compatibilityVersion = "Xcode 14.0";
			developmentRegion = en;
			hasScannedForEncodings = 0;
			knownRegions = (
				en,
				Base,
			);
			mainGroup = 084FDA9F2AB6590B0015E8EE;
			productRefGroup = 084FDAA92AB6590B0015E8EE /* Products */;
			projectDirPath = "";
			projectRoot = "";
			targets = (
				084FDAA72AB6590B0015E8EE /* crakt */,
				084FDABD2AB6590D0015E8EE /* craktTests */,
				084FDAC72AB6590D0015E8EE /* craktUITests */,
			);
		};
/* End PBXProject section */

/* Begin PBXResourcesBuildPhase section */
		084FDAA62AB6590B0015E8EE /* Resources */ = {
			isa = PBXResourcesBuildPhase;
			buildActionMask = 2147483647;
			files = (
				084FDAB92AB6590C0015E8EE /* Preview Assets.xcassets in Resources */,
				084FDAB52AB6590C0015E8EE /* Assets.xcassets in Resources */,
			);
			runOnlyForDeploymentPostprocessing = 0;
		};
		084FDABC2AB6590D0015E8EE /* Resources */ = {
			isa = PBXResourcesBuildPhase;
			buildActionMask = 2147483647;
			files = (
			);
			runOnlyForDeploymentPostprocessing = 0;
		};
		084FDAC62AB6590D0015E8EE /* Resources */ = {
			isa = PBXResourcesBuildPhase;
			buildActionMask = 2147483647;
			files = (
			);
			runOnlyForDeploymentPostprocessing = 0;
		};
/* End PBXResourcesBuildPhase section */

/* Begin PBXSourcesBuildPhase section */
		084FDAA42AB6590B0015E8EE /* Sources */ = {
			isa = PBXSourcesBuildPhase;
			buildActionMask = 2147483647;
			files = (
				084FDAAC2AB6590B0015E8EE /* craktApp.swift in Sources */,
				084FDAAE2AB6590B0015E8EE /* Persistence.swift in Sources */,
				084FDAB32AB6590B0015E8EE /* ContentView.swift in Sources */,
				084FDAB12AB6590B0015E8EE /* crakt.xcdatamodeld in Sources */,
			);
			runOnlyForDeploymentPostprocessing = 0;
		};
		084FDABA2AB6590D0015E8EE /* Sources */ = {
			isa = PBXSourcesBuildPhase;
			buildActionMask = 2147483647;
			files = (
				084FDAC32AB6590D0015E8EE /* craktTests.swift in Sources */,
			);
			runOnlyForDeploymentPostprocessing = 0;
		};
		084FDAC42AB6590D0015E8EE /* Sources */ = {
			isa = PBXSourcesBuildPhase;
			buildActionMask = 2147483647;
			files = (
				084FDACF2AB6590D0015E8EE /* craktUITestsLaunchTests.swift in Sources */,
				084FDACD2AB6590D0015E8EE /* craktUITests.swift in Sources */,
			);
			runOnlyForDeploymentPostprocessing = 0;
		};
/* End PBXSourcesBuildPhase section */

/* Begin PBXTargetDependency section */
		084FDAC02AB6590D0015E8EE /* PBXTargetDependency */ = {
			isa = PBXTargetDependency;
			target = 084FDAA72AB6590B0015E8EE /* crakt */;
			targetProxy = 084FDABF2AB6590D0015E8EE /* PBXContainerItemProxy */;
		};
		084FDACA2AB6590D0015E8EE /* PBXTargetDependency */ = {
			isa = PBXTargetDependency;
			target = 084FDAA72AB6590B0015E8EE /* crakt */;
			targetProxy = 084FDAC92AB6590D0015E8EE /* PBXContainerItemProxy */;
		};
/* End PBXTargetDependency section */

/* Begin XCBuildConfiguration section */
		084FDAD02AB6590D0015E8EE /* Debug */ = {
			isa = XCBuildConfiguration;
			buildSettings = {
				ALWAYS_SEARCH_USER_PATHS = NO;
				CLANG_ANALYZER_NONNULL = YES;
				CLANG_ANALYZER_NUMBER_OBJECT_CONVERSION = YES_AGGRESSIVE;
				CLANG_CXX_LANGUAGE_STANDARD = "gnu++20";
				CLANG_ENABLE_MODULES = YES;
				CLANG_ENABLE_OBJC_ARC = YES;
				CLANG_ENABLE_OBJC_WEAK = YES;
				CLANG_WARN_BLOCK_CAPTURE_AUTORELEASING = YES;
				CLANG_WARN_BOOL_CONVERSION = YES;
				CLANG_WARN_COMMA = YES;
				CLANG_WARN_CONSTANT_CONVERSION = YES;
				CLANG_WARN_DEPRECATED_OBJC_IMPLEMENTATIONS = YES;
				CLANG_WARN_DIRECT_OBJC_ISA_USAGE = YES_ERROR;
				CLANG_WARN_DOCUMENTATION_COMMENTS = YES;
				CLANG_WARN_EMPTY_BODY = YES;
				CLANG_WARN_ENUM_CONVERSION = YES;
				CLANG_WARN_INFINITE_RECURSION = YES;
				CLANG_WARN_INT_CONVERSION = YES;
				CLANG_WARN_NON_LITERAL_NULL_CONVERSION = YES;
				CLANG_WARN_OBJC_IMPLICIT_RETAIN_SELF = YES;
				CLANG_WARN_OBJC_LITERAL_CONVERSION = YES;
				CLANG_WARN_OBJC_ROOT_CLASS = YES_ERROR;
				CLANG_WARN_QUOTED_INCLUDE_IN_FRAMEWORK_HEADER = YES;
				CLANG_WARN_RANGE_LOOP_ANALYSIS = YES;
				CLANG_WARN_STRICT_PROTOTYPES = YES;
				CLANG_WARN_SUSPICIOUS_MOVE = YES;
				CLANG_WARN_UNGUARDED_AVAILABILITY = YES_AGGRESSIVE;
				CLANG_WARN_UNREACHABLE_CODE = YES;
				CLANG_WARN__DUPLICATE_METHOD_MATCH = YES;
				COPY_PHASE_STRIP = NO;
				DEBUG_INFORMATION_FORMAT = dwarf;
				ENABLE_STRICT_OBJC_MSGSEND = YES;
				ENABLE_TESTABILITY = YES;
				GCC_C_LANGUAGE_STANDARD = gnu11;
				GCC_DYNAMIC_NO_PIC = NO;
				GCC_NO_COMMON_BLOCKS = YES;
				GCC_OPTIMIZATION_LEVEL = 0;
				GCC_PREPROCESSOR_DEFINITIONS = (
					"DEBUG=1",
					"$(inherited)",
				);
				GCC_WARN_64_TO_32_BIT_CONVERSION = YES;
				GCC_WARN_ABOUT_RETURN_TYPE = YES_ERROR;
				GCC_WARN_UNDECLARED_SELECTOR = YES;
				GCC_WARN_UNINITIALIZED_AUTOS = YES_AGGRESSIVE;
				GCC_WARN_UNUSED_FUNCTION = YES;
				GCC_WARN_UNUSED_VARIABLE = YES;
				MTL_ENABLE_DEBUG_INFO = INCLUDE_SOURCE;
				MTL_FAST_MATH = YES;
				ONLY_ACTIVE_ARCH = YES;
				SWIFT_ACTIVE_COMPILATION_CONDITIONS = DEBUG;
				SWIFT_OPTIMIZATION_LEVEL = "-Onone";
			};
			name = Debug;
		};
		084FDAD12AB6590D0015E8EE /* Release */ = {
			isa = XCBuildConfiguration;
			buildSettings = {
				ALWAYS_SEARCH_USER_PATHS = NO;
				CLANG_ANALYZER_NONNULL = YES;
				CLANG_ANALYZER_NUMBER_OBJECT_CONVERSION = YES_AGGRESSIVE;
				CLANG_CXX_LANGUAGE_STANDARD = "gnu++20";
				CLANG_ENABLE_MODULES = YES;
				CLANG_ENABLE_OBJC_ARC = YES;
				CLANG_ENABLE_OBJC_WEAK = YES;
				CLANG_WARN_BLOCK_CAPTURE_AUTORELEASING = YES;
				CLANG_WARN_BOOL_CONVERSION = YES;
				CLANG_WARN_COMMA = YES;
				CLANG_WARN_CONSTANT_CONVERSION = YES;
				CLANG_WARN_DEPRECATED_OBJC_IMPLEMENTATIONS = YES;
				CLANG_WARN_DIRECT_OBJC_ISA_USAGE = YES_ERROR;
				CLANG_WARN_DOCUMENTATION_COMMENTS = YES;
				CLANG_WARN_EMPTY_BODY = YES;
				CLANG_WARN_ENUM_CONVERSION = YES;
				CLANG_WARN_INFINITE_RECURSION = YES;
				CLANG_WARN_INT_CONVERSION = YES;
				CLANG_WARN_NON_LITERAL_NULL_CONVERSION = YES;
				CLANG_WARN_OBJC_IMPLICIT_RETAIN_SELF = YES;
				CLANG_WARN_OBJC_LITERAL_CONVERSION = YES;
				CLANG_WARN_OBJC_ROOT_CLASS = YES_ERROR;
				CLANG_WARN_QUOTED_INCLUDE_IN_FRAMEWORK_HEADER = YES;
				CLANG_WARN_RANGE_LOOP_ANALYSIS = YES;
				CLANG_WARN_STRICT_PROTOTYPES = YES;
				CLANG_WARN_SUSPICIOUS_MOVE = YES;
				CLANG_WARN_UNGUARDED_AVAILABILITY = YES_AGGRESSIVE;
				CLANG_WARN_UNREACHABLE_CODE = YES;
				CLANG_WARN__DUPLICATE_METHOD_MATCH = YES;
				COPY_PHASE_STRIP = NO;
				DEBUG_INFORMATION_FORMAT = "dwarf-with-dsym";
				ENABLE_NS_ASSERTIONS = NO;
				ENABLE_STRICT_OBJC_MSGSEND = YES;
				GCC_C_LANGUAGE_STANDARD = gnu11;
				GCC_NO_COMMON_BLOCKS = YES;
				GCC_WARN_64_TO_32_BIT_CONVERSION = YES;
				GCC_WARN_ABOUT_RETURN_TYPE = YES_ERROR;
				GCC_WARN_UNDECLARED_SELECTOR = YES;
				GCC_WARN_UNINITIALIZED_AUTOS = YES_AGGRESSIVE;
				GCC_WARN_UNUSED_FUNCTION = YES;
				GCC_WARN_UNUSED_VARIABLE = YES;
				MTL_ENABLE_DEBUG_INFO = NO;
				MTL_FAST_MATH = YES;
				SWIFT_COMPILATION_MODE = wholemodule;
				SWIFT_OPTIMIZATION_LEVEL = "-O";
			};
			name = Release;
		};
		084FDAD32AB6590D0015E8EE /* Debug */ = {
			isa = XCBuildConfiguration;
			buildSettings = {
				ASSETCATALOG_COMPILER_APPICON_NAME = AppIcon;
				ASSETCATALOG_COMPILER_GLOBAL_ACCENT_COLOR_NAME = AccentColor;
				CODE_SIGN_ENTITLEMENTS = crakt/crakt.entitlements;
				CODE_SIGN_STYLE = Automatic;
				CURRENT_PROJECT_VERSION = 1;
				DEVELOPMENT_ASSET_PATHS = "\"crakt/Preview Content\"";
				ENABLE_PREVIEWS = YES;
				GENERATE_INFOPLIST_FILE = YES;
				"INFOPLIST_KEY_UIApplicationSceneManifest_Generation[sdk=iphoneos*]" = YES;
				"INFOPLIST_KEY_UIApplicationSceneManifest_Generation[sdk=iphonesimulator*]" = YES;
				"INFOPLIST_KEY_UIApplicationSupportsIndirectInputEvents[sdk=iphoneos*]" = YES;
				"INFOPLIST_KEY_UIApplicationSupportsIndirectInputEvents[sdk=iphonesimulator*]" = YES;
				"INFOPLIST_KEY_UILaunchScreen_Generation[sdk=iphoneos*]" = YES;
				"INFOPLIST_KEY_UILaunchScreen_Generation[sdk=iphonesimulator*]" = YES;
				"INFOPLIST_KEY_UIStatusBarStyle[sdk=iphoneos*]" = UIStatusBarStyleDefault;
				"INFOPLIST_KEY_UIStatusBarStyle[sdk=iphonesimulator*]" = UIStatusBarStyleDefault;
				INFOPLIST_KEY_UISupportedInterfaceOrientations_iPad = "UIInterfaceOrientationPortrait UIInterfaceOrientationPortraitUpsideDown UIInterfaceOrientationLandscapeLeft UIInterfaceOrientationLandscapeRight";
				INFOPLIST_KEY_UISupportedInterfaceOrientations_iPhone = "UIInterfaceOrientationPortrait UIInterfaceOrientationLandscapeLeft UIInterfaceOrientationLandscapeRight";
				IPHONEOS_DEPLOYMENT_TARGET = 16.4;
				LD_RUNPATH_SEARCH_PATHS = "@executable_path/Frameworks";
				"LD_RUNPATH_SEARCH_PATHS[sdk=macosx*]" = "@executable_path/../Frameworks";
				MACOSX_DEPLOYMENT_TARGET = 13.3;
				MARKETING_VERSION = 1.0;
				PRODUCT_BUNDLE_IDENTIFIER = kthompson.crakt;
				PRODUCT_NAME = "$(TARGET_NAME)";
				SDKROOT = auto;
				SUPPORTED_PLATFORMS = "iphoneos iphonesimulator macosx";
				SWIFT_EMIT_LOC_STRINGS = YES;
				SWIFT_VERSION = 5.0;
				TARGETED_DEVICE_FAMILY = "1,2";
			};
			name = Debug;
		};
		084FDAD42AB6590D0015E8EE /* Release */ = {
			isa = XCBuildConfiguration;
			buildSettings = {
				ASSETCATALOG_COMPILER_APPICON_NAME = AppIcon;
				ASSETCATALOG_COMPILER_GLOBAL_ACCENT_COLOR_NAME = AccentColor;
				CODE_SIGN_ENTITLEMENTS = crakt/crakt.entitlements;
				CODE_SIGN_STYLE = Automatic;
				CURRENT_PROJECT_VERSION = 1;
				DEVELOPMENT_ASSET_PATHS = "\"crakt/Preview Content\"";
				ENABLE_PREVIEWS = YES;
				GENERATE_INFOPLIST_FILE = YES;
				"INFOPLIST_KEY_UIApplicationSceneManifest_Generation[sdk=iphoneos*]" = YES;
				"INFOPLIST_KEY_UIApplicationSceneManifest_Generation[sdk=iphonesimulator*]" = YES;
				"INFOPLIST_KEY_UIApplicationSupportsIndirectInputEvents[sdk=iphoneos*]" = YES;
				"INFOPLIST_KEY_UIApplicationSupportsIndirectInputEvents[sdk=iphonesimulator*]" = YES;
				"INFOPLIST_KEY_UILaunchScreen_Generation[sdk=iphoneos*]" = YES;
				"INFOPLIST_KEY_UILaunchScreen_Generation[sdk=iphonesimulator*]" = YES;
				"INFOPLIST_KEY_UIStatusBarStyle[sdk=iphoneos*]" = UIStatusBarStyleDefault;
				"INFOPLIST_KEY_UIStatusBarStyle[sdk=iphonesimulator*]" = UIStatusBarStyleDefault;
				INFOPLIST_KEY_UISupportedInterfaceOrientations_iPad = "UIInterfaceOrientationPortrait UIInterfaceOrientationPortraitUpsideDown UIInterfaceOrientationLandscapeLeft UIInterfaceOrientationLandscapeRight";
				INFOPLIST_KEY_UISupportedInterfaceOrientations_iPhone = "UIInterfaceOrientationPortrait UIInterfaceOrientationLandscapeLeft UIInterfaceOrientationLandscapeRight";
				IPHONEOS_DEPLOYMENT_TARGET = 16.4;
				LD_RUNPATH_SEARCH_PATHS = "@executable_path/Frameworks";
				"LD_RUNPATH_SEARCH_PATHS[sdk=macosx*]" = "@executable_path/../Frameworks";
				MACOSX_DEPLOYMENT_TARGET = 13.3;
				MARKETING_VERSION = 1.0;
				PRODUCT_BUNDLE_IDENTIFIER = kthompson.crakt;
				PRODUCT_NAME = "$(TARGET_NAME)";
				SDKROOT = auto;
				SUPPORTED_PLATFORMS = "iphoneos iphonesimulator macosx";
				SWIFT_EMIT_LOC_STRINGS = YES;
				SWIFT_VERSION = 5.0;
				TARGETED_DEVICE_FAMILY = "1,2";
			};
			name = Release;
		};
		084FDAD62AB6590D0015E8EE /* Debug */ = {
			isa = XCBuildConfiguration;
			buildSettings = {
				ALWAYS_EMBED_SWIFT_STANDARD_LIBRARIES = YES;
				BUNDLE_LOADER = "$(TEST_HOST)";
				CODE_SIGN_STYLE = Automatic;
				CURRENT_PROJECT_VERSION = 1;
				GENERATE_INFOPLIST_FILE = YES;
				IPHONEOS_DEPLOYMENT_TARGET = 16.4;
				MACOSX_DEPLOYMENT_TARGET = 13.3;
				MARKETING_VERSION = 1.0;
				PRODUCT_BUNDLE_IDENTIFIER = kthompson.craktTests;
				PRODUCT_NAME = "$(TARGET_NAME)";
				SDKROOT = auto;
				SUPPORTED_PLATFORMS = "iphoneos iphonesimulator macosx";
				SWIFT_EMIT_LOC_STRINGS = NO;
				SWIFT_VERSION = 5.0;
				TARGETED_DEVICE_FAMILY = "1,2";
				TEST_HOST = "$(BUILT_PRODUCTS_DIR)/crakt.app/$(BUNDLE_EXECUTABLE_FOLDER_PATH)/crakt";
			};
			name = Debug;
		};
		084FDAD72AB6590D0015E8EE /* Release */ = {
			isa = XCBuildConfiguration;
			buildSettings = {
				ALWAYS_EMBED_SWIFT_STANDARD_LIBRARIES = YES;
				BUNDLE_LOADER = "$(TEST_HOST)";
				CODE_SIGN_STYLE = Automatic;
				CURRENT_PROJECT_VERSION = 1;
				GENERATE_INFOPLIST_FILE = YES;
				IPHONEOS_DEPLOYMENT_TARGET = 16.4;
				MACOSX_DEPLOYMENT_TARGET = 13.3;
				MARKETING_VERSION = 1.0;
				PRODUCT_BUNDLE_IDENTIFIER = kthompson.craktTests;
				PRODUCT_NAME = "$(TARGET_NAME)";
				SDKROOT = auto;
				SUPPORTED_PLATFORMS = "iphoneos iphonesimulator macosx";
				SWIFT_EMIT_LOC_STRINGS = NO;
				SWIFT_VERSION = 5.0;
				TARGETED_DEVICE_FAMILY = "1,2";
				TEST_HOST = "$(BUILT_PRODUCTS_DIR)/crakt.app/$(BUNDLE_EXECUTABLE_FOLDER_PATH)/crakt";
			};
			name = Release;
		};
		084FDAD92AB6590D0015E8EE /* Debug */ = {
			isa = XCBuildConfiguration;
			buildSettings = {
				ALWAYS_EMBED_SWIFT_STANDARD_LIBRARIES = YES;
				CODE_SIGN_STYLE = Automatic;
				CURRENT_PROJECT_VERSION = 1;
				GENERATE_INFOPLIST_FILE = YES;
				IPHONEOS_DEPLOYMENT_TARGET = 16.4;
				MACOSX_DEPLOYMENT_TARGET = 13.3;
				MARKETING_VERSION = 1.0;
				PRODUCT_BUNDLE_IDENTIFIER = kthompson.craktUITests;
				PRODUCT_NAME = "$(TARGET_NAME)";
				SDKROOT = auto;
				SUPPORTED_PLATFORMS = "iphoneos iphonesimulator macosx";
				SWIFT_EMIT_LOC_STRINGS = NO;
				SWIFT_VERSION = 5.0;
				TARGETED_DEVICE_FAMILY = "1,2";
				TEST_TARGET_NAME = crakt;
			};
			name = Debug;
		};
		084FDADA2AB6590D0015E8EE /* Release */ = {
			isa = XCBuildConfiguration;
			buildSettings = {
				ALWAYS_EMBED_SWIFT_STANDARD_LIBRARIES = YES;
				CODE_SIGN_STYLE = Automatic;
				CURRENT_PROJECT_VERSION = 1;
				GENERATE_INFOPLIST_FILE = YES;
				IPHONEOS_DEPLOYMENT_TARGET = 16.4;
				MACOSX_DEPLOYMENT_TARGET = 13.3;
				MARKETING_VERSION = 1.0;
				PRODUCT_BUNDLE_IDENTIFIER = kthompson.craktUITests;
				PRODUCT_NAME = "$(TARGET_NAME)";
				SDKROOT = auto;
				SUPPORTED_PLATFORMS = "iphoneos iphonesimulator macosx";
				SWIFT_EMIT_LOC_STRINGS = NO;
				SWIFT_VERSION = 5.0;
				TARGETED_DEVICE_FAMILY = "1,2";
				TEST_TARGET_NAME = crakt;
			};
			name = Release;
		};
/* End XCBuildConfiguration section */

/* Begin XCConfigurationList section */
		084FDAA32AB6590B0015E8EE /* Build configuration list for PBXProject "crakt" */ = {
			isa = XCConfigurationList;
			buildConfigurations = (
				084FDAD02AB6590D0015E8EE /* Debug */,
				084FDAD12AB6590D0015E8EE /* Release */,
			);
			defaultConfigurationIsVisible = 0;
			defaultConfigurationName = Release;
		};
		084FDAD22AB6590D0015E8EE /* Build configuration list for PBXNativeTarget "crakt" */ = {
			isa = XCConfigurationList;
			buildConfigurations = (
				084FDAD32AB6590D0015E8EE /* Debug */,
				084FDAD42AB6590D0015E8EE /* Release */,
			);
			defaultConfigurationIsVisible = 0;
			defaultConfigurationName = Release;
		};
		084FDAD52AB6590D0015E8EE /* Build configuration list for PBXNativeTarget "craktTests" */ = {
			isa = XCConfigurationList;
			buildConfigurations = (
				084FDAD62AB6590D0015E8EE /* Debug */,
				084FDAD72AB6590D0015E8EE /* Release */,
			);
			defaultConfigurationIsVisible = 0;
			defaultConfigurationName = Release;
		};
		084FDAD82AB6590D0015E8EE /* Build configuration list for PBXNativeTarget "craktUITests" */ = {
			isa = XCConfigurationList;
			buildConfigurations = (
				084FDAD92AB6590D0015E8EE /* Debug */,
				084FDADA2AB6590D0015E8EE /* Release */,
			);
			defaultConfigurationIsVisible = 0;
			defaultConfigurationName = Release;
		};
/* End XCConfigurationList section */

/* Begin XCVersionGroup section */
		084FDAAF2AB6590B0015E8EE /* crakt.xcdatamodeld */ = {
			isa = XCVersionGroup;
			children = (
				084FDAB02AB6590B0015E8EE /* crakt.xcdatamodel */,
			);
			currentVersion = 084FDAB02AB6590B0015E8EE /* crakt.xcdatamodel */;
			path = crakt.xcdatamodeld;
			sourceTree = "<group>";
			versionGroupType = wrapper.xcdatamodel;
		};
/* End XCVersionGroup section */
	};
	rootObject = 084FDAA02AB6590B0015E8EE /* Project object */;
}
