// !$*UTF8*$!
{
	archiveVersion = 1;
	classes = {
	};
	objectVersion = 56;
	objects = {

/* Begin PBXBuildFile section */
		084EAC7C2E669C0A0011DD3F /* WorkoutOrchestrator.swift in Sources */ = {isa = PBXBuildFile; fileRef = 084EAC7B2E669C0A0011DD3F /* WorkoutOrchestrator.swift */; };
		084EAC7E2E669C140011DD3F /* Workout.swift in Sources */ = {isa = PBXBuildFile; fileRef = 084EAC7D2E669C140011DD3F /* Workout.swift */; };
		084EAC802E6726F50011DD3F /* WorkoutSelectorView.swift in Sources */ = {isa = PBXBuildFile; fileRef = 084EAC7F2E6726F50011DD3F /* WorkoutSelectorView.swift */; };
		084EAC822E6726FD0011DD3F /* WorkoutSummaryCard.swift in Sources */ = {isa = PBXBuildFile; fileRef = 084EAC812E6726FD0011DD3F /* WorkoutSummaryCard.swift */; };
		084EAC842E6729F40011DD3F /* SessionConfigView.swift in Sources */ = {isa = PBXBuildFile; fileRef = 084EAC832E6729F40011DD3F /* SessionConfigView.swift */; };
		084EAC862E672A0F0011DD3F /* ActivityHistoryView.swift in Sources */ = {isa = PBXBuildFile; fileRef = 084EAC852E672A0F0011DD3F /* ActivityHistoryView.swift */; };
		084EAC882E672A440011DD3F /* ProfileHeaderView.swift in Sources */ = {isa = PBXBuildFile; fileRef = 084EAC872E672A440011DD3F /* ProfileHeaderView.swift */; };
		084EAC8A2E672A490011DD3F /* StatCardView.swift in Sources */ = {isa = PBXBuildFile; fileRef = 084EAC892E672A490011DD3F /* StatCardView.swift */; };
		084EAC8C2E672A520011DD3F /* ActivityRowView.swift in Sources */ = {isa = PBXBuildFile; fileRef = 084EAC8B2E672A520011DD3F /* ActivityRowView.swift */; };
		084EAC8E2E6932F30011DD3F /* SessionManager.swift in Sources */ = {isa = PBXBuildFile; fileRef = 084EAC8D2E6932F30011DD3F /* SessionManager.swift */; };
		084EAC922E6933000011DD3F /* HapticManager.swift in Sources */ = {isa = PBXBuildFile; fileRef = 084EAC912E6933000011DD3F /* HapticManager.swift */; };
		084EAC942E69330D0011DD3F /* SessionTabView.swift in Sources */ = {isa = PBXBuildFile; fileRef = 084EAC932E69330D0011DD3F /* SessionTabView.swift */; };
		084EACA42E6CE3A00011DD3F /* GradeScrubberView.swift in Sources */ = {isa = PBXBuildFile; fileRef = 084EACA32E6CE3A00011DD3F /* GradeScrubberView.swift */; };
		084EACA62E6CE3A60011DD3F /* ActiveRouteCardView.swift in Sources */ = {isa = PBXBuildFile; fileRef = 084EACA52E6CE3A60011DD3F /* ActiveRouteCardView.swift */; };
		084EACA82E6CE3B60011DD3F /* AttemptHistoryView.swift in Sources */ = {isa = PBXBuildFile; fileRef = 084EACA72E6CE3B60011DD3F /* AttemptHistoryView.swift */; };
		084EACAA2E6CE3BB0011DD3F /* RestTimerView.swift in Sources */ = {isa = PBXBuildFile; fileRef = 084EACA92E6CE3BB0011DD3F /* RestTimerView.swift */; };
		084EACAE2E6CE3C20011DD3F /* RoutePickerView.swift in Sources */ = {isa = PBXBuildFile; fileRef = 084EACAD2E6CE3C20011DD3F /* RoutePickerView.swift */; };
		084EACB22E6CE7910011DD3F /* CompactGradeSelector.swift in Sources */ = {isa = PBXBuildFile; fileRef = 084EACB12E6CE7910011DD3F /* CompactGradeSelector.swift */; };
		084FA4B92ABF581B00ADF994 /* PickerMenu.swift in Sources */ = {isa = PBXBuildFile; fileRef = 084FA4B82ABF581B00ADF994 /* PickerMenu.swift */; };
		084FA4BB2ABF584300ADF994 /* ClimbTypePicker.swift in Sources */ = {isa = PBXBuildFile; fileRef = 084FA4BA2ABF584300ADF994 /* ClimbTypePicker.swift */; };
		084FA4BD2ABF585100ADF994 /* GradeSystemPicker.swift in Sources */ = {isa = PBXBuildFile; fileRef = 084FA4BC2ABF585100ADF994 /* GradeSystemPicker.swift */; };
		084FA4BF2ABF587400ADF994 /* ClimbStatus.swift in Sources */ = {isa = PBXBuildFile; fileRef = 084FA4BE2ABF587400ADF994 /* ClimbStatus.swift */; };
		084FA4C52ABF590800ADF994 /* RouteLogRowItem.swift in Sources */ = {isa = PBXBuildFile; fileRef = 084FA4C42ABF590800ADF994 /* RouteLogRowItem.swift */; };
		084FA4C72ABF592F00ADF994 /* ActionButton.swift in Sources */ = {isa = PBXBuildFile; fileRef = 084FA4C62ABF592F00ADF994 /* ActionButton.swift */; };
		084FA4C92ABF7AF600ADF994 /* Stopwatch.swift in Sources */ = {isa = PBXBuildFile; fileRef = 084FA4C82ABF7AF600ADF994 /* Stopwatch.swift */; };
		084FA4CB2ABF8DA000ADF994 /* View+Preview.swift in Sources */ = {isa = PBXBuildFile; fileRef = 084FA4CA2ABF8DA000ADF994 /* View+Preview.swift */; };
		084FA4CE2AC0F59500ADF994 /* GradeSystemSelectionView.swift in Sources */ = {isa = PBXBuildFile; fileRef = 084FA4CD2AC0F59500ADF994 /* GradeSystemSelectionView.swift */; };
		084FA4D12AC2645A00ADF994 /* HomeView.swift in Sources */ = {isa = PBXBuildFile; fileRef = 084FA4D02AC2645A00ADF994 /* HomeView.swift */; };
		084FDAAC2AB6590B0015E8EE /* MainApp.swift in Sources */ = {isa = PBXBuildFile; fileRef = 084FDAAB2AB6590B0015E8EE /* MainApp.swift */; };
		084FDAB32AB6590B0015E8EE /* ContentView.swift in Sources */ = {isa = PBXBuildFile; fileRef = 084FDAB22AB6590B0015E8EE /* ContentView.swift */; };
		084FDAB52AB6590C0015E8EE /* Assets.xcassets in Resources */ = {isa = PBXBuildFile; fileRef = 084FDAB42AB6590C0015E8EE /* Assets.xcassets */; };
		084FDAB92AB6590C0015E8EE /* Preview Assets.xcassets in Resources */ = {isa = PBXBuildFile; fileRef = 084FDAB82AB6590C0015E8EE /* Preview Assets.xcassets */; };
		084FDAC32AB6590D0015E8EE /* craktTests.swift in Sources */ = {isa = PBXBuildFile; fileRef = 084FDAC22AB6590D0015E8EE /* craktTests.swift */; };
		084FDACD2AB6590D0015E8EE /* craktUITests.swift in Sources */ = {isa = PBXBuildFile; fileRef = 084FDACC2AB6590D0015E8EE /* craktUITests.swift */; };
		084FDACF2AB6590D0015E8EE /* craktUITestsLaunchTests.swift in Sources */ = {isa = PBXBuildFile; fileRef = 084FDACE2AB6590D0015E8EE /* craktUITestsLaunchTests.swift */; };
		084FDADC2AB75C3C0015E8EE /* GradeSystem.swift in Sources */ = {isa = PBXBuildFile; fileRef = 084FDADB2AB75C3C0015E8EE /* GradeSystem.swift */; };
		084FDAE42AB7E3430015E8EE /* ScrollingSectionView.swift in Sources */ = {isa = PBXBuildFile; fileRef = 084FDAE32AB7E3430015E8EE /* ScrollingSectionView.swift */; };
		084FDAEC2AB7EEC60015E8EE /* Date+String.swift in Sources */ = {isa = PBXBuildFile; fileRef = 084FDAEB2AB7EEC60015E8EE /* Date+String.swift */; };
		084FDAEE2AB7F5570015E8EE /* SessionView.swift in Sources */ = {isa = PBXBuildFile; fileRef = 084FDAED2AB7F5570015E8EE /* SessionView.swift */; };
		084FDAF32ABF1E560015E8EE /* Color.swift in Sources */ = {isa = PBXBuildFile; fileRef = 084FDAF22ABF1E560015E8EE /* Color.swift */; };
		084FDAF52ABF20B10015E8EE /* ClimbingGradeSelector.swift in Sources */ = {isa = PBXBuildFile; fileRef = 084FDAF42ABF20B10015E8EE /* ClimbingGradeSelector.swift */; };
		084FDAF72ABF20C90015E8EE /* ClimbingGrade.swift in Sources */ = {isa = PBXBuildFile; fileRef = 084FDAF62ABF20C90015E8EE /* ClimbingGrade.swift */; };
		0852BD932D45489300CBF36D /* SettingsView.swift in Sources */ = {isa = PBXBuildFile; fileRef = 0852BD922D45489300CBF36D /* SettingsView.swift */; };
		08760D5A2E6E6AC900E7A584 /* GlobalAnalytics.swift in Sources */ = {isa = PBXBuildFile; fileRef = 08760D592E6E6AC900E7A584 /* GlobalAnalytics.swift */; };
		08760D652E6E6C1100E7A584 /* ProgressionChart.swift in Sources */ = {isa = PBXBuildFile; fileRef = 08760D602E6E6C1100E7A584 /* ProgressionChart.swift */; };
		08760D662E6E6C1100E7A584 /* DistributionChart.swift in Sources */ = {isa = PBXBuildFile; fileRef = 08760D5E2E6E6C1100E7A584 /* DistributionChart.swift */; };
		08760D672E6E6C1100E7A584 /* EfficiencyChart.swift in Sources */ = {isa = PBXBuildFile; fileRef = 08760D5F2E6E6C1100E7A584 /* EfficiencyChart.swift */; };
		08760D682E6E6C1100E7A584 /* GlobalSessionsView.swift in Sources */ = {isa = PBXBuildFile; fileRef = 08760D632E6E6C1100E7A584 /* GlobalSessionsView.swift */; };
		08760D692E6E6C1100E7A584 /* VolumeChart.swift in Sources */ = {isa = PBXBuildFile; fileRef = 08760D612E6E6C1100E7A584 /* VolumeChart.swift */; };
		08760D6B2E6FCA1500E7A584 /* PerformanceAnalyticsView.swift in Sources */ = {isa = PBXBuildFile; fileRef = 08760D6A2E6FCA1500E7A584 /* PerformanceAnalyticsView.swift */; };
		08760D6D2E6FCA2000E7A584 /* SessionTimelineView.swift in Sources */ = {isa = PBXBuildFile; fileRef = 08760D6C2E6FCA2000E7A584 /* SessionTimelineView.swift */; };
		088B9AE62E883BA90084C3F0 /* WarmupModeView.swift in Sources */ = {isa = PBXBuildFile; fileRef = 088B9AE52E883BA80084C3F0 /* WarmupModeView.swift */; };
		088B9AE82E883BC90084C3F0 /* RouteStylePicker.swift in Sources */ = {isa = PBXBuildFile; fileRef = 088B9AE72E883BC90084C3F0 /* RouteStylePicker.swift */; };
		088B9AEA2E883BF00084C3F0 /* WarmupExercise.swift in Sources */ = {isa = PBXBuildFile; fileRef = 088B9AE92E883BF00084C3F0 /* WarmupExercise.swift */; };
		088B9AEC2E883C100084C3F0 /* DifficultyRatingView.swift in Sources */ = {isa = PBXBuildFile; fileRef = 088B9AEB2E883C100084C3F0 /* DifficultyRatingView.swift */; };
		088B9AEE2E9B5F150084C3F0 /* LaunchScreen.swift in Sources */ = {isa = PBXBuildFile; fileRef = 088B9AED2E9B5F150084C3F0 /* LaunchScreen.swift */; };
		0896B12D2BAF7A7F00D31AD3 /* Route.swift in Sources */ = {isa = PBXBuildFile; fileRef = 0896B1292BAD07E000D31AD3 /* Route.swift */; };
		0896B12E2BAF7A7F00D31AD3 /* Session.swift in Sources */ = {isa = PBXBuildFile; fileRef = 0896B12B2BAD07E000D31AD3 /* Session.swift */; };
		0896B12F2BAF7A7F00D31AD3 /* RouteAttempt.swift in Sources */ = {isa = PBXBuildFile; fileRef = 0896B1282BAD07E000D31AD3 /* RouteAttempt.swift */; };
		0896B1302BAF7A7F00D31AD3 /* User.swift in Sources */ = {isa = PBXBuildFile; fileRef = 0896B12A2BAD07E000D31AD3 /* User.swift */; };
		0896B1322BB2644A00D31AD3 /* SessionDetailView.swift in Sources */ = {isa = PBXBuildFile; fileRef = 0896B1312BB263DF00D31AD3 /* SessionDetailView.swift */; };
		0896B1352BC77A5400D31AD3 /* AttemptsByGradePieChartView.swift in Sources */ = {isa = PBXBuildFile; fileRef = 0896B1342BC77A5400D31AD3 /* AttemptsByGradePieChartView.swift */; };
		08C3EF2A2E6D15AA00C1F9B1 /* UnifiedSessionHeader.swift in Sources */ = {isa = PBXBuildFile; fileRef = 08C3EF292E6D15AA00C1F9B1 /* UnifiedSessionHeader.swift */; };
		08C7F4952BDDACDC0063827E /* Session.stats.swift in Sources */ = {isa = PBXBuildFile; fileRef = 08C7F4942BDDACDC0063827E /* Session.stats.swift */; };
		08C7F4962BDDAF280063827E /* SessionChartsControllerView.swift in Sources */ = {isa = PBXBuildFile; fileRef = 08C7F4902BDDABC50063827E /* SessionChartsControllerView.swift */; };
		08C7F4972BDDAF2B0063827E /* AttemptsHistogramView.swift in Sources */ = {isa = PBXBuildFile; fileRef = 08C7F4912BDDAC1A0063827E /* AttemptsHistogramView.swift */; };
		08C7F4982BDDAF2D0063827E /* AttemptStatusByGradeStackedBarChartView.swift in Sources */ = {isa = PBXBuildFile; fileRef = 08C7F4922BDDAC490063827E /* AttemptStatusByGradeStackedBarChartView.swift */; };
		08C7F49A2BDDAFF90063827E /* Route.stats.swift in Sources */ = {isa = PBXBuildFile; fileRef = 08C7F4992BDDAFF90063827E /* Route.stats.swift */; };
		08C7F49D2BF1B42F0063827E /* ExpandableSection.swift in Sources */ = {isa = PBXBuildFile; fileRef = 08C7F49C2BF1B42F0063827E /* ExpandableSection.swift */; };
		08C7F4A02BF1B46A0063827E /* AttemptsList.swift in Sources */ = {isa = PBXBuildFile; fileRef = 08C7F49F2BF1B46A0063827E /* AttemptsList.swift */; };
		08C7F4A22BF1B4900063827E /* RouteSummaryView.swift in Sources */ = {isa = PBXBuildFile; fileRef = 08C7F4A12BF1B4900063827E /* RouteSummaryView.swift */; };
/* End PBXBuildFile section */

/* Begin PBXContainerItemProxy section */
		084FDABF2AB6590D0015E8EE /* PBXContainerItemProxy */ = {
			isa = PBXContainerItemProxy;
			containerPortal = 084FDAA02AB6590B0015E8EE /* Project object */;
			proxyType = 1;
			remoteGlobalIDString = 084FDAA72AB6590B0015E8EE;
			remoteInfo = crakt;
		};
		084FDAC92AB6590D0015E8EE /* PBXContainerItemProxy */ = {
			isa = PBXContainerItemProxy;
			containerPortal = 084FDAA02AB6590B0015E8EE /* Project object */;
			proxyType = 1;
			remoteGlobalIDString = 084FDAA72AB6590B0015E8EE;
			remoteInfo = crakt;
		};
/* End PBXContainerItemProxy section */

/* Begin PBXFileReference section */
		084EAC7B2E669C0A0011DD3F /* WorkoutOrchestrator.swift */ = {isa = PBXFileReference; lastKnownFileType = sourcecode.swift; path = WorkoutOrchestrator.swift; sourceTree = "<group>"; };
		084EAC7D2E669C140011DD3F /* Workout.swift */ = {isa = PBXFileReference; lastKnownFileType = sourcecode.swift; path = Workout.swift; sourceTree = "<group>"; };
		084EAC7F2E6726F50011DD3F /* WorkoutSelectorView.swift */ = {isa = PBXFileReference; lastKnownFileType = sourcecode.swift; path = WorkoutSelectorView.swift; sourceTree = "<group>"; };
		084EAC812E6726FD0011DD3F /* WorkoutSummaryCard.swift */ = {isa = PBXFileReference; lastKnownFileType = sourcecode.swift; path = WorkoutSummaryCard.swift; sourceTree = "<group>"; };
		084EAC832E6729F40011DD3F /* SessionConfigView.swift */ = {isa = PBXFileReference; lastKnownFileType = sourcecode.swift; path = SessionConfigView.swift; sourceTree = "<group>"; };
		084EAC852E672A0F0011DD3F /* ActivityHistoryView.swift */ = {isa = PBXFileReference; lastKnownFileType = sourcecode.swift; path = ActivityHistoryView.swift; sourceTree = "<group>"; };
		084EAC872E672A440011DD3F /* ProfileHeaderView.swift */ = {isa = PBXFileReference; lastKnownFileType = sourcecode.swift; path = ProfileHeaderView.swift; sourceTree = "<group>"; };
		084EAC892E672A490011DD3F /* StatCardView.swift */ = {isa = PBXFileReference; lastKnownFileType = sourcecode.swift; path = StatCardView.swift; sourceTree = "<group>"; };
		084EAC8B2E672A520011DD3F /* ActivityRowView.swift */ = {isa = PBXFileReference; lastKnownFileType = sourcecode.swift; path = ActivityRowView.swift; sourceTree = "<group>"; };
		084EAC8D2E6932F30011DD3F /* SessionManager.swift */ = {isa = PBXFileReference; lastKnownFileType = sourcecode.swift; path = SessionManager.swift; sourceTree = "<group>"; };
		084EAC912E6933000011DD3F /* HapticManager.swift */ = {isa = PBXFileReference; lastKnownFileType = sourcecode.swift; path = HapticManager.swift; sourceTree = "<group>"; };
		084EAC932E69330D0011DD3F /* SessionTabView.swift */ = {isa = PBXFileReference; lastKnownFileType = sourcecode.swift; path = SessionTabView.swift; sourceTree = "<group>"; };
		084EACA32E6CE3A00011DD3F /* GradeScrubberView.swift */ = {isa = PBXFileReference; lastKnownFileType = sourcecode.swift; path = GradeScrubberView.swift; sourceTree = "<group>"; };
		084EACA52E6CE3A60011DD3F /* ActiveRouteCardView.swift */ = {isa = PBXFileReference; lastKnownFileType = sourcecode.swift; path = ActiveRouteCardView.swift; sourceTree = "<group>"; };
		084EACA72E6CE3B60011DD3F /* AttemptHistoryView.swift */ = {isa = PBXFileReference; lastKnownFileType = sourcecode.swift; path = AttemptHistoryView.swift; sourceTree = "<group>"; };
		084EACA92E6CE3BB0011DD3F /* RestTimerView.swift */ = {isa = PBXFileReference; lastKnownFileType = sourcecode.swift; path = RestTimerView.swift; sourceTree = "<group>"; };
		084EACAD2E6CE3C20011DD3F /* RoutePickerView.swift */ = {isa = PBXFileReference; lastKnownFileType = sourcecode.swift; path = RoutePickerView.swift; sourceTree = "<group>"; };
		084EACB12E6CE7910011DD3F /* CompactGradeSelector.swift */ = {isa = PBXFileReference; lastKnownFileType = sourcecode.swift; path = CompactGradeSelector.swift; sourceTree = "<group>"; };
		084FA4B82ABF581B00ADF994 /* PickerMenu.swift */ = {isa = PBXFileReference; lastKnownFileType = sourcecode.swift; path = PickerMenu.swift; sourceTree = "<group>"; };
		084FA4BA2ABF584300ADF994 /* ClimbTypePicker.swift */ = {isa = PBXFileReference; lastKnownFileType = sourcecode.swift; path = ClimbTypePicker.swift; sourceTree = "<group>"; };
		084FA4BC2ABF585100ADF994 /* GradeSystemPicker.swift */ = {isa = PBXFileReference; lastKnownFileType = sourcecode.swift; path = GradeSystemPicker.swift; sourceTree = "<group>"; };
		084FA4BE2ABF587400ADF994 /* ClimbStatus.swift */ = {isa = PBXFileReference; lastKnownFileType = sourcecode.swift; path = ClimbStatus.swift; sourceTree = "<group>"; };
		084FA4C42ABF590800ADF994 /* RouteLogRowItem.swift */ = {isa = PBXFileReference; lastKnownFileType = sourcecode.swift; path = RouteLogRowItem.swift; sourceTree = "<group>"; };
		084FA4C62ABF592F00ADF994 /* ActionButton.swift */ = {isa = PBXFileReference; lastKnownFileType = sourcecode.swift; path = ActionButton.swift; sourceTree = "<group>"; };
		084FA4C82ABF7AF600ADF994 /* Stopwatch.swift */ = {isa = PBXFileReference; lastKnownFileType = sourcecode.swift; path = Stopwatch.swift; sourceTree = "<group>"; };
		084FA4CA2ABF8DA000ADF994 /* View+Preview.swift */ = {isa = PBXFileReference; lastKnownFileType = sourcecode.swift; path = "View+Preview.swift"; sourceTree = "<group>"; };
		084FA4CC2AC0F32D00ADF994 /* TODO.md */ = {isa = PBXFileReference; lastKnownFileType = net.daringfireball.markdown; path = TODO.md; sourceTree = "<group>"; };
		084FA4CD2AC0F59500ADF994 /* GradeSystemSelectionView.swift */ = {isa = PBXFileReference; lastKnownFileType = sourcecode.swift; path = GradeSystemSelectionView.swift; sourceTree = "<group>"; };
		084FA4D02AC2645A00ADF994 /* HomeView.swift */ = {isa = PBXFileReference; lastKnownFileType = sourcecode.swift; path = HomeView.swift; sourceTree = "<group>"; };
		084FDAA82AB6590B0015E8EE /* crakt.app */ = {isa = PBXFileReference; explicitFileType = wrapper.application; includeInIndex = 0; path = crakt.app; sourceTree = BUILT_PRODUCTS_DIR; };
		084FDAAB2AB6590B0015E8EE /* MainApp.swift */ = {isa = PBXFileReference; lastKnownFileType = sourcecode.swift; path = MainApp.swift; sourceTree = "<group>"; };
		084FDAB22AB6590B0015E8EE /* ContentView.swift */ = {isa = PBXFileReference; lastKnownFileType = sourcecode.swift; path = ContentView.swift; sourceTree = "<group>"; };
		084FDAB42AB6590C0015E8EE /* Assets.xcassets */ = {isa = PBXFileReference; lastKnownFileType = folder.assetcatalog; path = Assets.xcassets; sourceTree = "<group>"; };
		084FDAB62AB6590C0015E8EE /* crakt.entitlements */ = {isa = PBXFileReference; lastKnownFileType = text.plist.entitlements; path = crakt.entitlements; sourceTree = "<group>"; };
		084FDAB82AB6590C0015E8EE /* Preview Assets.xcassets */ = {isa = PBXFileReference; lastKnownFileType = folder.assetcatalog; path = "Preview Assets.xcassets"; sourceTree = "<group>"; };
		084FDABE2AB6590D0015E8EE /* craktTests.xctest */ = {isa = PBXFileReference; explicitFileType = wrapper.cfbundle; includeInIndex = 0; path = craktTests.xctest; sourceTree = BUILT_PRODUCTS_DIR; };
		084FDAC22AB6590D0015E8EE /* craktTests.swift */ = {isa = PBXFileReference; lastKnownFileType = sourcecode.swift; path = craktTests.swift; sourceTree = "<group>"; };
		084FDAC82AB6590D0015E8EE /* craktUITests.xctest */ = {isa = PBXFileReference; explicitFileType = wrapper.cfbundle; includeInIndex = 0; path = craktUITests.xctest; sourceTree = BUILT_PRODUCTS_DIR; };
		084FDACC2AB6590D0015E8EE /* craktUITests.swift */ = {isa = PBXFileReference; lastKnownFileType = sourcecode.swift; path = craktUITests.swift; sourceTree = "<group>"; };
		084FDACE2AB6590D0015E8EE /* craktUITestsLaunchTests.swift */ = {isa = PBXFileReference; lastKnownFileType = sourcecode.swift; path = craktUITestsLaunchTests.swift; sourceTree = "<group>"; };
		084FDADB2AB75C3C0015E8EE /* GradeSystem.swift */ = {isa = PBXFileReference; lastKnownFileType = sourcecode.swift; path = GradeSystem.swift; sourceTree = "<group>"; };
		084FDAE32AB7E3430015E8EE /* ScrollingSectionView.swift */ = {isa = PBXFileReference; lastKnownFileType = sourcecode.swift; path = ScrollingSectionView.swift; sourceTree = "<group>"; };
		084FDAEB2AB7EEC60015E8EE /* Date+String.swift */ = {isa = PBXFileReference; lastKnownFileType = sourcecode.swift; path = "Date+String.swift"; sourceTree = "<group>"; };
		084FDAED2AB7F5570015E8EE /* SessionView.swift */ = {isa = PBXFileReference; lastKnownFileType = sourcecode.swift; path = SessionView.swift; sourceTree = "<group>"; };
		084FDAF22ABF1E560015E8EE /* Color.swift */ = {isa = PBXFileReference; lastKnownFileType = sourcecode.swift; path = Color.swift; sourceTree = "<group>"; };
		084FDAF42ABF20B10015E8EE /* ClimbingGradeSelector.swift */ = {isa = PBXFileReference; lastKnownFileType = sourcecode.swift; path = ClimbingGradeSelector.swift; sourceTree = "<group>"; };
		084FDAF62ABF20C90015E8EE /* ClimbingGrade.swift */ = {isa = PBXFileReference; lastKnownFileType = sourcecode.swift; path = ClimbingGrade.swift; sourceTree = "<group>"; };
		0852BD922D45489300CBF36D /* SettingsView.swift */ = {isa = PBXFileReference; lastKnownFileType = sourcecode.swift; path = SettingsView.swift; sourceTree = "<group>"; };
		08760D592E6E6AC900E7A584 /* GlobalAnalytics.swift */ = {isa = PBXFileReference; lastKnownFileType = sourcecode.swift; path = GlobalAnalytics.swift; sourceTree = "<group>"; };
		08760D5E2E6E6C1100E7A584 /* DistributionChart.swift */ = {isa = PBXFileReference; lastKnownFileType = sourcecode.swift; path = DistributionChart.swift; sourceTree = "<group>"; };
		08760D5F2E6E6C1100E7A584 /* EfficiencyChart.swift */ = {isa = PBXFileReference; lastKnownFileType = sourcecode.swift; path = EfficiencyChart.swift; sourceTree = "<group>"; };
		08760D602E6E6C1100E7A584 /* ProgressionChart.swift */ = {isa = PBXFileReference; lastKnownFileType = sourcecode.swift; path = ProgressionChart.swift; sourceTree = "<group>"; };
		08760D612E6E6C1100E7A584 /* VolumeChart.swift */ = {isa = PBXFileReference; lastKnownFileType = sourcecode.swift; path = VolumeChart.swift; sourceTree = "<group>"; };
		08760D632E6E6C1100E7A584 /* GlobalSessionsView.swift */ = {isa = PBXFileReference; lastKnownFileType = sourcecode.swift; path = GlobalSessionsView.swift; sourceTree = "<group>"; };
		08760D6A2E6FCA1500E7A584 /* PerformanceAnalyticsView.swift */ = {isa = PBXFileReference; lastKnownFileType = sourcecode.swift; path = PerformanceAnalyticsView.swift; sourceTree = "<group>"; };
		08760D6C2E6FCA2000E7A584 /* SessionTimelineView.swift */ = {isa = PBXFileReference; lastKnownFileType = sourcecode.swift; path = SessionTimelineView.swift; sourceTree = "<group>"; };
		088B9AE52E883BA80084C3F0 /* WarmupModeView.swift */ = {isa = PBXFileReference; lastKnownFileType = sourcecode.swift; path = WarmupModeView.swift; sourceTree = "<group>"; };
		088B9AE72E883BC90084C3F0 /* RouteStylePicker.swift */ = {isa = PBXFileReference; lastKnownFileType = sourcecode.swift; path = RouteStylePicker.swift; sourceTree = "<group>"; };
		088B9AE92E883BF00084C3F0 /* WarmupExercise.swift */ = {isa = PBXFileReference; lastKnownFileType = sourcecode.swift; path = WarmupExercise.swift; sourceTree = "<group>"; };
		088B9AEB2E883C100084C3F0 /* DifficultyRatingView.swift */ = {isa = PBXFileReference; lastKnownFileType = sourcecode.swift; path = DifficultyRatingView.swift; sourceTree = "<group>"; };
		088B9AED2E9B5F150084C3F0 /* LaunchScreen.swift */ = {isa = PBXFileReference; lastKnownFileType = sourcecode.swift; path = LaunchScreen.swift; sourceTree = "<group>"; };
		0896B1282BAD07E000D31AD3 /* RouteAttempt.swift */ = {isa = PBXFileReference; lastKnownFileType = sourcecode.swift; path = RouteAttempt.swift; sourceTree = "<group>"; };
		0896B1292BAD07E000D31AD3 /* Route.swift */ = {isa = PBXFileReference; lastKnownFileType = sourcecode.swift; path = Route.swift; sourceTree = "<group>"; };
		0896B12A2BAD07E000D31AD3 /* User.swift */ = {isa = PBXFileReference; lastKnownFileType = sourcecode.swift; path = User.swift; sourceTree = "<group>"; };
		0896B12B2BAD07E000D31AD3 /* Session.swift */ = {isa = PBXFileReference; lastKnownFileType = sourcecode.swift; path = Session.swift; sourceTree = "<group>"; };
		0896B1312BB263DF00D31AD3 /* SessionDetailView.swift */ = {isa = PBXFileReference; lastKnownFileType = sourcecode.swift; path = SessionDetailView.swift; sourceTree = "<group>"; };
		0896B1342BC77A5400D31AD3 /* AttemptsByGradePieChartView.swift */ = {isa = PBXFileReference; lastKnownFileType = sourcecode.swift; path = AttemptsByGradePieChartView.swift; sourceTree = "<group>"; };
		08C3EF292E6D15AA00C1F9B1 /* UnifiedSessionHeader.swift */ = {isa = PBXFileReference; lastKnownFileType = sourcecode.swift; path = UnifiedSessionHeader.swift; sourceTree = "<group>"; };
		08C7F4902BDDABC50063827E /* SessionChartsControllerView.swift */ = {isa = PBXFileReference; lastKnownFileType = sourcecode.swift; path = SessionChartsControllerView.swift; sourceTree = "<group>"; };
		08C7F4912BDDAC1A0063827E /* AttemptsHistogramView.swift */ = {isa = PBXFileReference; lastKnownFileType = sourcecode.swift; path = AttemptsHistogramView.swift; sourceTree = "<group>"; };
		08C7F4922BDDAC490063827E /* AttemptStatusByGradeStackedBarChartView.swift */ = {isa = PBXFileReference; lastKnownFileType = sourcecode.swift; path = AttemptStatusByGradeStackedBarChartView.swift; sourceTree = "<group>"; };
		08C7F4942BDDACDC0063827E /* Session.stats.swift */ = {isa = PBXFileReference; lastKnownFileType = sourcecode.swift; path = Session.stats.swift; sourceTree = "<group>"; };
		08C7F4992BDDAFF90063827E /* Route.stats.swift */ = {isa = PBXFileReference; lastKnownFileType = sourcecode.swift; path = Route.stats.swift; sourceTree = "<group>"; };
		08C7F49C2BF1B42F0063827E /* ExpandableSection.swift */ = {isa = PBXFileReference; lastKnownFileType = sourcecode.swift; path = ExpandableSection.swift; sourceTree = "<group>"; };
		08C7F49F2BF1B46A0063827E /* AttemptsList.swift */ = {isa = PBXFileReference; lastKnownFileType = sourcecode.swift; path = AttemptsList.swift; sourceTree = "<group>"; };
		08C7F4A12BF1B4900063827E /* RouteSummaryView.swift */ = {isa = PBXFileReference; lastKnownFileType = sourcecode.swift; path = RouteSummaryView.swift; sourceTree = "<group>"; };
/* End PBXFileReference section */

/* Begin PBXFrameworksBuildPhase section */
		084FDAA52AB6590B0015E8EE /* Frameworks */ = {
			isa = PBXFrameworksBuildPhase;
			buildActionMask = 2147483647;
			files = (
			);
			runOnlyForDeploymentPostprocessing = 0;
		};
		084FDABB2AB6590D0015E8EE /* Frameworks */ = {
			isa = PBXFrameworksBuildPhase;
			buildActionMask = 2147483647;
			files = (
			);
			runOnlyForDeploymentPostprocessing = 0;
		};
		084FDAC52AB6590D0015E8EE /* Frameworks */ = {
			isa = PBXFrameworksBuildPhase;
			buildActionMask = 2147483647;
			files = (
			);
			runOnlyForDeploymentPostprocessing = 0;
		};
/* End PBXFrameworksBuildPhase section */

/* Begin PBXGroup section */
		084FA4B22ABF577D00ADF994 /* Views */ = {
			isa = PBXGroup;
			children = (
				08760D642E6E6C1100E7A584 /* Analytics */,
				0852BD872D34AD2500CBF36D /* ActivityLog */,
				08C7F49E2BF1B45A0063827E /* Route */,
				08C7F49B2BF1B41C0063827E /* UI */,
				0896B1332BC77A0100D31AD3 /* Charts */,
				084FA4CF2AC2644C00ADF994 /* Home */,
				084FA4B32ABF57A300ADF994 /* Session */,
				084FDAE92AB7E4D10015E8EE /* Selectors */,
				0852BD922D45489300CBF36D /* SettingsView.swift */,
				088B9AED2E9B5F150084C3F0 /* LaunchScreen.swift */,
			);
			path = Views;
			sourceTree = "<group>";
		};
		084FA4B32ABF57A300ADF994 /* Session */ = {
			isa = PBXGroup;
			children = (
				0896B1312BB263DF00D31AD3 /* SessionDetailView.swift */,
				084FA4CD2AC0F59500ADF994 /* GradeSystemSelectionView.swift */,
				084FDAED2AB7F5570015E8EE /* SessionView.swift */,
				084EAC912E6933000011DD3F /* HapticManager.swift */,
				08760D6A2E6FCA1500E7A584 /* PerformanceAnalyticsView.swift */,
				08760D6C2E6FCA2000E7A584 /* SessionTimelineView.swift */,
				084FA4C62ABF592F00ADF994 /* ActionButton.swift */,
				088B9AEB2E883C100084C3F0 /* DifficultyRatingView.swift */,
				084FA4C42ABF590800ADF994 /* RouteLogRowItem.swift */,
				084EAC8D2E6932F30011DD3F /* SessionManager.swift */,
				084EAC932E69330D0011DD3F /* SessionTabView.swift */,
				088B9AE52E883BA80084C3F0 /* WarmupModeView.swift */,
				084FA4B82ABF581B00ADF994 /* PickerMenu.swift */,
				084EAC7F2E6726F50011DD3F /* WorkoutSelectorView.swift */,
				084EAC812E6726FD0011DD3F /* WorkoutSummaryCard.swift */,
			);
			path = Session;
			sourceTree = "<group>";
		};
		084FA4CF2AC2644C00ADF994 /* Home */ = {
			isa = PBXGroup;
			children = (
				084FA4D02AC2645A00ADF994 /* HomeView.swift */,
				084EAC832E6729F40011DD3F /* SessionConfigView.swift */,
				084EAC8B2E672A520011DD3F /* ActivityRowView.swift */,
				084EAC872E672A440011DD3F /* ProfileHeaderView.swift */,
				084EAC892E672A490011DD3F /* StatCardView.swift */,
				084EAC852E672A0F0011DD3F /* ActivityHistoryView.swift */,
			);
			path = Home;
			sourceTree = "<group>";
		};
		084FDA9F2AB6590B0015E8EE = {
			isa = PBXGroup;
			children = (
				084FA4CC2AC0F32D00ADF994 /* TODO.md */,
				084FDAAA2AB6590B0015E8EE /* crakt */,
				084FDAC12AB6590D0015E8EE /* craktTests */,
				084FDACB2AB6590D0015E8EE /* craktUITests */,
				084FDAA92AB6590B0015E8EE /* Products */,
			);
			sourceTree = "<group>";
		};
		084FDAA92AB6590B0015E8EE /* Products */ = {
			isa = PBXGroup;
			children = (
				084FDAA82AB6590B0015E8EE /* crakt.app */,
				084FDABE2AB6590D0015E8EE /* craktTests.xctest */,
				084FDAC82AB6590D0015E8EE /* craktUITests.xctest */,
			);
			name = Products;
			sourceTree = "<group>";
		};
		084FDAAA2AB6590B0015E8EE /* crakt */ = {
			isa = PBXGroup;
			children = (
				0896B12C2BAD086200D31AD3 /* SwiftData */,
				084FA4B22ABF577D00ADF994 /* Views */,
				084FDAF12ABF1D900015E8EE /* Models */,
				084FDAEA2AB7EE860015E8EE /* Extensions */,
				084FDAAB2AB6590B0015E8EE /* MainApp.swift */,
				084FDAB22AB6590B0015E8EE /* ContentView.swift */,
				084FDAB42AB6590C0015E8EE /* Assets.xcassets */,
				084FDAB62AB6590C0015E8EE /* crakt.entitlements */,
				084FDAB72AB6590C0015E8EE /* Preview Content */,
			);
			path = crakt;
			sourceTree = "<group>";
		};
		084FDAB72AB6590C0015E8EE /* Preview Content */ = {
			isa = PBXGroup;
			children = (
				084FDAB82AB6590C0015E8EE /* Preview Assets.xcassets */,
			);
			path = "Preview Content";
			sourceTree = "<group>";
		};
		084FDAC12AB6590D0015E8EE /* craktTests */ = {
			isa = PBXGroup;
			children = (
				084FDAC22AB6590D0015E8EE /* craktTests.swift */,
			);
			path = craktTests;
			sourceTree = "<group>";
		};
		084FDACB2AB6590D0015E8EE /* craktUITests */ = {
			isa = PBXGroup;
			children = (
				084FDACC2AB6590D0015E8EE /* craktUITests.swift */,
				084FDACE2AB6590D0015E8EE /* craktUITestsLaunchTests.swift */,
			);
			path = craktUITests;
			sourceTree = "<group>";
		};
		084FDAE92AB7E4D10015E8EE /* Selectors */ = {
			isa = PBXGroup;
			children = (
				084FDAF42ABF20B10015E8EE /* ClimbingGradeSelector.swift */,
				084FDAE32AB7E3430015E8EE /* ScrollingSectionView.swift */,
				084FA4BC2ABF585100ADF994 /* GradeSystemPicker.swift */,
				088B9AE72E883BC90084C3F0 /* RouteStylePicker.swift */,
				084FA4BA2ABF584300ADF994 /* ClimbTypePicker.swift */,
			);
			path = Selectors;
			sourceTree = "<group>";
		};
		084FDAEA2AB7EE860015E8EE /* Extensions */ = {
			isa = PBXGroup;
			children = (
				084FDAEB2AB7EEC60015E8EE /* Date+String.swift */,
				084FDAF22ABF1E560015E8EE /* Color.swift */,
				084FA4CA2ABF8DA000ADF994 /* View+Preview.swift */,
			);
			path = Extensions;
			sourceTree = "<group>";
		};
		084FDAF12ABF1D900015E8EE /* Models */ = {
			isa = PBXGroup;
			children = (
				08C7F4932BDDACCE0063827E /* Stats */,
				0896B1282BAD07E000D31AD3 /* RouteAttempt.swift */,
				0896B1292BAD07E000D31AD3 /* Route.swift */,
				0896B12A2BAD07E000D31AD3 /* User.swift */,
				0896B12B2BAD07E000D31AD3 /* Session.swift */,
				084FDAF62ABF20C90015E8EE /* ClimbingGrade.swift */,
				084FDADB2AB75C3C0015E8EE /* GradeSystem.swift */,
				084FA4BE2ABF587400ADF994 /* ClimbStatus.swift */,
				084FA4C82ABF7AF600ADF994 /* Stopwatch.swift */,
				084EAC7D2E669C140011DD3F /* Workout.swift */,
				088B9AE92E883BF00084C3F0 /* WarmupExercise.swift */,
				084EAC7B2E669C0A0011DD3F /* WorkoutOrchestrator.swift */,
			);
			path = Models;
			sourceTree = "<group>";
		};
		0852BD872D34AD2500CBF36D /* ActivityLog */ = {
			isa = PBXGroup;
			children = (
			);
			path = ActivityLog;
			sourceTree = "<group>";
		};
		08760D622E6E6C1100E7A584 /* Charts */ = {
			isa = PBXGroup;
			children = (
				08760D5E2E6E6C1100E7A584 /* DistributionChart.swift */,
				08760D5F2E6E6C1100E7A584 /* EfficiencyChart.swift */,
				08760D602E6E6C1100E7A584 /* ProgressionChart.swift */,
				08760D612E6E6C1100E7A584 /* VolumeChart.swift */,
			);
			path = Charts;
			sourceTree = "<group>";
		};
		08760D642E6E6C1100E7A584 /* Analytics */ = {
			isa = PBXGroup;
			children = (
				08760D622E6E6C1100E7A584 /* Charts */,
				08760D632E6E6C1100E7A584 /* GlobalSessionsView.swift */,
			);
			path = Analytics;
			sourceTree = "<group>";
		};
		0896B12C2BAD086200D31AD3 /* SwiftData */ = {
			isa = PBXGroup;
			children = (
			);
			name = SwiftData;
			path = ../SwiftData;
			sourceTree = "<group>";
		};
		0896B1332BC77A0100D31AD3 /* Charts */ = {
			isa = PBXGroup;
			children = (
				08C7F4922BDDAC490063827E /* AttemptStatusByGradeStackedBarChartView.swift */,
				08C7F4912BDDAC1A0063827E /* AttemptsHistogramView.swift */,
				08C7F4902BDDABC50063827E /* SessionChartsControllerView.swift */,
				0896B1342BC77A5400D31AD3 /* AttemptsByGradePieChartView.swift */,
			);
			path = Charts;
			sourceTree = "<group>";
		};
		08C7F4932BDDACCE0063827E /* Stats */ = {
			isa = PBXGroup;
			children = (
				08760D592E6E6AC900E7A584 /* GlobalAnalytics.swift */,
				08C7F4942BDDACDC0063827E /* Session.stats.swift */,
				08C7F4992BDDAFF90063827E /* Route.stats.swift */,
			);
			path = Stats;
			sourceTree = "<group>";
		};
		08C7F49B2BF1B41C0063827E /* UI */ = {
			isa = PBXGroup;
			children = (
				084EACA52E6CE3A60011DD3F /* ActiveRouteCardView.swift */,
				08C7F49C2BF1B42F0063827E /* ExpandableSection.swift */,
				084EACA32E6CE3A00011DD3F /* GradeScrubberView.swift */,
				084EACA92E6CE3BB0011DD3F /* RestTimerView.swift */,
				08C3EF292E6D15AA00C1F9B1 /* UnifiedSessionHeader.swift */,
				084EACAD2E6CE3C20011DD3F /* RoutePickerView.swift */,
				084EACB12E6CE7910011DD3F /* CompactGradeSelector.swift */,
				084EACA72E6CE3B60011DD3F /* AttemptHistoryView.swift */,
			);
			path = UI;
			sourceTree = "<group>";
		};
		08C7F49E2BF1B45A0063827E /* Route */ = {
			isa = PBXGroup;
			children = (
				08C7F49F2BF1B46A0063827E /* AttemptsList.swift */,
				08C7F4A12BF1B4900063827E /* RouteSummaryView.swift */,
			);
			path = Route;
			sourceTree = "<group>";
		};
/* End PBXGroup section */

/* Begin PBXNativeTarget section */
		084FDAA72AB6590B0015E8EE /* crakt */ = {
			isa = PBXNativeTarget;
			buildConfigurationList = 084FDAD22AB6590D0015E8EE /* Build configuration list for PBXNativeTarget "crakt" */;
			buildPhases = (
				084FDAA42AB6590B0015E8EE /* Sources */,
				084FDAA52AB6590B0015E8EE /* Frameworks */,
				084FDAA62AB6590B0015E8EE /* Resources */,
			);
			buildRules = (
			);
			dependencies = (
			);
			name = crakt;
			productName = crakt;
			productReference = 084FDAA82AB6590B0015E8EE /* crakt.app */;
			productType = "com.apple.product-type.application";
		};
		084FDABD2AB6590D0015E8EE /* craktTests */ = {
			isa = PBXNativeTarget;
			buildConfigurationList = 084FDAD52AB6590D0015E8EE /* Build configuration list for PBXNativeTarget "craktTests" */;
			buildPhases = (
				084FDABA2AB6590D0015E8EE /* Sources */,
				084FDABB2AB6590D0015E8EE /* Frameworks */,
				084FDABC2AB6590D0015E8EE /* Resources */,
			);
			buildRules = (
			);
			dependencies = (
				084FDAC02AB6590D0015E8EE /* PBXTargetDependency */,
			);
			name = craktTests;
			productName = craktTests;
			productReference = 084FDABE2AB6590D0015E8EE /* craktTests.xctest */;
			productType = "com.apple.product-type.bundle.unit-test";
		};
		084FDAC72AB6590D0015E8EE /* craktUITests */ = {
			isa = PBXNativeTarget;
			buildConfigurationList = 084FDAD82AB6590D0015E8EE /* Build configuration list for PBXNativeTarget "craktUITests" */;
			buildPhases = (
				084FDAC42AB6590D0015E8EE /* Sources */,
				084FDAC52AB6590D0015E8EE /* Frameworks */,
				084FDAC62AB6590D0015E8EE /* Resources */,
			);
			buildRules = (
			);
			dependencies = (
				084FDACA2AB6590D0015E8EE /* PBXTargetDependency */,
			);
			name = craktUITests;
			productName = craktUITests;
			productReference = 084FDAC82AB6590D0015E8EE /* craktUITests.xctest */;
			productType = "com.apple.product-type.bundle.ui-testing";
		};
/* End PBXNativeTarget section */

/* Begin PBXProject section */
		084FDAA02AB6590B0015E8EE /* Project object */ = {
			isa = PBXProject;
			attributes = {
				BuildIndependentTargetsInParallel = 1;
				LastSwiftUpdateCheck = 1430;
				LastUpgradeCheck = 1430;
				TargetAttributes = {
					084FDAA72AB6590B0015E8EE = {
						CreatedOnToolsVersion = 14.3.1;
					};
					084FDABD2AB6590D0015E8EE = {
						CreatedOnToolsVersion = 14.3.1;
						TestTargetID = 084FDAA72AB6590B0015E8EE;
					};
					084FDAC72AB6590D0015E8EE = {
						CreatedOnToolsVersion = 14.3.1;
						TestTargetID = 084FDAA72AB6590B0015E8EE;
					};
				};
			};
			buildConfigurationList = 084FDAA32AB6590B0015E8EE /* Build configuration list for PBXProject "crakt" */;
			compatibilityVersion = "Xcode 14.0";
			developmentRegion = en;
			hasScannedForEncodings = 0;
			knownRegions = (
				en,
				Base,
			);
			mainGroup = 084FDA9F2AB6590B0015E8EE;
			productRefGroup = 084FDAA92AB6590B0015E8EE /* Products */;
			projectDirPath = "";
			projectRoot = "";
			targets = (
				084FDAA72AB6590B0015E8EE /* crakt */,
				084FDABD2AB6590D0015E8EE /* craktTests */,
				084FDAC72AB6590D0015E8EE /* craktUITests */,
			);
		};
/* End PBXProject section */

/* Begin PBXResourcesBuildPhase section */
		084FDAA62AB6590B0015E8EE /* Resources */ = {
			isa = PBXResourcesBuildPhase;
			buildActionMask = 2147483647;
			files = (
				084FDAB92AB6590C0015E8EE /* Preview Assets.xcassets in Resources */,
				084FDAB52AB6590C0015E8EE /* Assets.xcassets in Resources */,
			);
			runOnlyForDeploymentPostprocessing = 0;
		};
		084FDABC2AB6590D0015E8EE /* Resources */ = {
			isa = PBXResourcesBuildPhase;
			buildActionMask = 2147483647;
			files = (
			);
			runOnlyForDeploymentPostprocessing = 0;
		};
		084FDAC62AB6590D0015E8EE /* Resources */ = {
			isa = PBXResourcesBuildPhase;
			buildActionMask = 2147483647;
			files = (
			);
			runOnlyForDeploymentPostprocessing = 0;
		};
/* End PBXResourcesBuildPhase section */

/* Begin PBXSourcesBuildPhase section */
		084FDAA42AB6590B0015E8EE /* Sources */ = {
			isa = PBXSourcesBuildPhase;
			buildActionMask = 2147483647;
			files = (
				084EAC862E672A0F0011DD3F /* ActivityHistoryView.swift in Sources */,
				084FA4C52ABF590800ADF994 /* RouteLogRowItem.swift in Sources */,
				088B9AEE2E9B5F150084C3F0 /* LaunchScreen.swift in Sources */,
				0896B1352BC77A5400D31AD3 /* AttemptsByGradePieChartView.swift in Sources */,
				084EAC942E69330D0011DD3F /* SessionTabView.swift in Sources */,
				084FDAAC2AB6590B0015E8EE /* MainApp.swift in Sources */,
				084EAC7C2E669C0A0011DD3F /* WorkoutOrchestrator.swift in Sources */,
				08760D6D2E6FCA2000E7A584 /* SessionTimelineView.swift in Sources */,
				084FA4CE2AC0F59500ADF994 /* GradeSystemSelectionView.swift in Sources */,
				084FA4D12AC2645A00ADF994 /* HomeView.swift in Sources */,
				084FDADC2AB75C3C0015E8EE /* GradeSystem.swift in Sources */,
				084FDAEE2AB7F5570015E8EE /* SessionView.swift in Sources */,
				084FDAF32ABF1E560015E8EE /* Color.swift in Sources */,
				0896B12F2BAF7A7F00D31AD3 /* RouteAttempt.swift in Sources */,
				0852BD932D45489300CBF36D /* SettingsView.swift in Sources */,
				084EAC922E6933000011DD3F /* HapticManager.swift in Sources */,
				084EAC8C2E672A520011DD3F /* ActivityRowView.swift in Sources */,
				084FDAB32AB6590B0015E8EE /* ContentView.swift in Sources */,
				084FA4B92ABF581B00ADF994 /* PickerMenu.swift in Sources */,
				084EACAE2E6CE3C20011DD3F /* RoutePickerView.swift in Sources */,
				08C7F4962BDDAF280063827E /* SessionChartsControllerView.swift in Sources */,
				084EAC802E6726F50011DD3F /* WorkoutSelectorView.swift in Sources */,
				084FDAEC2AB7EEC60015E8EE /* Date+String.swift in Sources */,
				08C7F49D2BF1B42F0063827E /* ExpandableSection.swift in Sources */,
				084FA4BD2ABF585100ADF994 /* GradeSystemPicker.swift in Sources */,
				084FA4BB2ABF584300ADF994 /* ClimbTypePicker.swift in Sources */,
				08760D652E6E6C1100E7A584 /* ProgressionChart.swift in Sources */,
				08760D662E6E6C1100E7A584 /* DistributionChart.swift in Sources */,
				088B9AE62E883BA90084C3F0 /* WarmupModeView.swift in Sources */,
				08760D672E6E6C1100E7A584 /* EfficiencyChart.swift in Sources */,
				08760D682E6E6C1100E7A584 /* GlobalSessionsView.swift in Sources */,
				08760D692E6E6C1100E7A584 /* VolumeChart.swift in Sources */,
				088B9AEA2E883BF00084C3F0 /* WarmupExercise.swift in Sources */,
				084EAC7E2E669C140011DD3F /* Workout.swift in Sources */,
				084EACA62E6CE3A60011DD3F /* ActiveRouteCardView.swift in Sources */,
				08C7F4A22BF1B4900063827E /* RouteSummaryView.swift in Sources */,
				08C7F4982BDDAF2D0063827E /* AttemptStatusByGradeStackedBarChartView.swift in Sources */,
				084EACA82E6CE3B60011DD3F /* AttemptHistoryView.swift in Sources */,
				084FA4C92ABF7AF600ADF994 /* Stopwatch.swift in Sources */,
				084FDAE42AB7E3430015E8EE /* ScrollingSectionView.swift in Sources */,
				08760D6B2E6FCA1500E7A584 /* PerformanceAnalyticsView.swift in Sources */,
				084EAC8A2E672A490011DD3F /* StatCardView.swift in Sources */,
				088B9AE82E883BC90084C3F0 /* RouteStylePicker.swift in Sources */,
				088B9AEC2E883C100084C3F0 /* DifficultyRatingView.swift in Sources */,
				0896B1302BAF7A7F00D31AD3 /* User.swift in Sources */,
				084FDAF52ABF20B10015E8EE /* ClimbingGradeSelector.swift in Sources */,
				08C3EF2A2E6D15AA00C1F9B1 /* UnifiedSessionHeader.swift in Sources */,
				0896B12E2BAF7A7F00D31AD3 /* Session.swift in Sources */,
				084FDAF72ABF20C90015E8EE /* ClimbingGrade.swift in Sources */,
				084EAC8E2E6932F30011DD3F /* SessionManager.swift in Sources */,
				084FA4BF2ABF587400ADF994 /* ClimbStatus.swift in Sources */,
				08C7F4952BDDACDC0063827E /* Session.stats.swift in Sources */,
				084FA4CB2ABF8DA000ADF994 /* View+Preview.swift in Sources */,
				084EAC842E6729F40011DD3F /* SessionConfigView.swift in Sources */,
				084EACAA2E6CE3BB0011DD3F /* RestTimerView.swift in Sources */,
				08760D5A2E6E6AC900E7A584 /* GlobalAnalytics.swift in Sources */,
				08C7F4A02BF1B46A0063827E /* AttemptsList.swift in Sources */,
				0896B12D2BAF7A7F00D31AD3 /* Route.swift in Sources */,
				084EACB22E6CE7910011DD3F /* CompactGradeSelector.swift in Sources */,
				0896B1322BB2644A00D31AD3 /* SessionDetailView.swift in Sources */,
				084FA4C72ABF592F00ADF994 /* ActionButton.swift in Sources */,
				08C7F4972BDDAF2B0063827E /* AttemptsHistogramView.swift in Sources */,
				084EACA42E6CE3A00011DD3F /* GradeScrubberView.swift in Sources */,
				084EAC882E672A440011DD3F /* ProfileHeaderView.swift in Sources */,
				084EAC822E6726FD0011DD3F /* WorkoutSummaryCard.swift in Sources */,
				08C7F49A2BDDAFF90063827E /* Route.stats.swift in Sources */,
			);
			runOnlyForDeploymentPostprocessing = 0;
		};
		084FDABA2AB6590D0015E8EE /* Sources */ = {
			isa = PBXSourcesBuildPhase;
			buildActionMask = 2147483647;
			files = (
				084FDAC32AB6590D0015E8EE /* craktTests.swift in Sources */,
			);
			runOnlyForDeploymentPostprocessing = 0;
		};
		084FDAC42AB6590D0015E8EE /* Sources */ = {
			isa = PBXSourcesBuildPhase;
			buildActionMask = 2147483647;
			files = (
				084FDACF2AB6590D0015E8EE /* craktUITestsLaunchTests.swift in Sources */,
				084FDACD2AB6590D0015E8EE /* craktUITests.swift in Sources */,
			);
			runOnlyForDeploymentPostprocessing = 0;
		};
/* End PBXSourcesBuildPhase section */

/* Begin PBXTargetDependency section */
		084FDAC02AB6590D0015E8EE /* PBXTargetDependency */ = {
			isa = PBXTargetDependency;
			target = 084FDAA72AB6590B0015E8EE /* crakt */;
			targetProxy = 084FDABF2AB6590D0015E8EE /* PBXContainerItemProxy */;
		};
		084FDACA2AB6590D0015E8EE /* PBXTargetDependency */ = {
			isa = PBXTargetDependency;
			target = 084FDAA72AB6590B0015E8EE /* crakt */;
			targetProxy = 084FDAC92AB6590D0015E8EE /* PBXContainerItemProxy */;
		};
/* End PBXTargetDependency section */

/* Begin XCBuildConfiguration section */
		084FDAD02AB6590D0015E8EE /* Debug */ = {
			isa = XCBuildConfiguration;
			buildSettings = {
				ALWAYS_SEARCH_USER_PATHS = NO;
				CLANG_ANALYZER_NONNULL = YES;
				CLANG_ANALYZER_NUMBER_OBJECT_CONVERSION = YES_AGGRESSIVE;
				CLANG_CXX_LANGUAGE_STANDARD = "gnu++20";
				CLANG_ENABLE_MODULES = YES;
				CLANG_ENABLE_OBJC_ARC = YES;
				CLANG_ENABLE_OBJC_WEAK = YES;
				CLANG_WARN_BLOCK_CAPTURE_AUTORELEASING = YES;
				CLANG_WARN_BOOL_CONVERSION = YES;
				CLANG_WARN_COMMA = YES;
				CLANG_WARN_CONSTANT_CONVERSION = YES;
				CLANG_WARN_DEPRECATED_OBJC_IMPLEMENTATIONS = YES;
				CLANG_WARN_DIRECT_OBJC_ISA_USAGE = YES_ERROR;
				CLANG_WARN_DOCUMENTATION_COMMENTS = YES;
				CLANG_WARN_EMPTY_BODY = YES;
				CLANG_WARN_ENUM_CONVERSION = YES;
				CLANG_WARN_INFINITE_RECURSION = YES;
				CLANG_WARN_INT_CONVERSION = YES;
				CLANG_WARN_NON_LITERAL_NULL_CONVERSION = YES;
				CLANG_WARN_OBJC_IMPLICIT_RETAIN_SELF = YES;
				CLANG_WARN_OBJC_LITERAL_CONVERSION = YES;
				CLANG_WARN_OBJC_ROOT_CLASS = YES_ERROR;
				CLANG_WARN_QUOTED_INCLUDE_IN_FRAMEWORK_HEADER = YES;
				CLANG_WARN_RANGE_LOOP_ANALYSIS = YES;
				CLANG_WARN_STRICT_PROTOTYPES = YES;
				CLANG_WARN_SUSPICIOUS_MOVE = YES;
				CLANG_WARN_UNGUARDED_AVAILABILITY = YES_AGGRESSIVE;
				CLANG_WARN_UNREACHABLE_CODE = YES;
				CLANG_WARN__DUPLICATE_METHOD_MATCH = YES;
				COPY_PHASE_STRIP = NO;
				DEBUG_INFORMATION_FORMAT = dwarf;
				ENABLE_STRICT_OBJC_MSGSEND = YES;
				ENABLE_TESTABILITY = YES;
				GCC_C_LANGUAGE_STANDARD = gnu11;
				GCC_DYNAMIC_NO_PIC = NO;
				GCC_NO_COMMON_BLOCKS = YES;
				GCC_OPTIMIZATION_LEVEL = 0;
				GCC_PREPROCESSOR_DEFINITIONS = (
					"DEBUG=1",
					"$(inherited)",
				);
				GCC_WARN_64_TO_32_BIT_CONVERSION = YES;
				GCC_WARN_ABOUT_RETURN_TYPE = YES_ERROR;
				GCC_WARN_UNDECLARED_SELECTOR = YES;
				GCC_WARN_UNINITIALIZED_AUTOS = YES_AGGRESSIVE;
				GCC_WARN_UNUSED_FUNCTION = YES;
				GCC_WARN_UNUSED_VARIABLE = YES;
				MTL_ENABLE_DEBUG_INFO = INCLUDE_SOURCE;
				MTL_FAST_MATH = YES;
				ONLY_ACTIVE_ARCH = YES;
				SUPPORTED_PLATFORMS = "iphonesimulator iphoneos";
				SWIFT_ACTIVE_COMPILATION_CONDITIONS = DEBUG;
				SWIFT_OPTIMIZATION_LEVEL = "-Onone";
			};
			name = Debug;
		};
		084FDAD12AB6590D0015E8EE /* Release */ = {
			isa = XCBuildConfiguration;
			buildSettings = {
				ALWAYS_SEARCH_USER_PATHS = NO;
				CLANG_ANALYZER_NONNULL = YES;
				CLANG_ANALYZER_NUMBER_OBJECT_CONVERSION = YES_AGGRESSIVE;
				CLANG_CXX_LANGUAGE_STANDARD = "gnu++20";
				CLANG_ENABLE_MODULES = YES;
				CLANG_ENABLE_OBJC_ARC = YES;
				CLANG_ENABLE_OBJC_WEAK = YES;
				CLANG_WARN_BLOCK_CAPTURE_AUTORELEASING = YES;
				CLANG_WARN_BOOL_CONVERSION = YES;
				CLANG_WARN_COMMA = YES;
				CLANG_WARN_CONSTANT_CONVERSION = YES;
				CLANG_WARN_DEPRECATED_OBJC_IMPLEMENTATIONS = YES;
				CLANG_WARN_DIRECT_OBJC_ISA_USAGE = YES_ERROR;
				CLANG_WARN_DOCUMENTATION_COMMENTS = YES;
				CLANG_WARN_EMPTY_BODY = YES;
				CLANG_WARN_ENUM_CONVERSION = YES;
				CLANG_WARN_INFINITE_RECURSION = YES;
				CLANG_WARN_INT_CONVERSION = YES;
				CLANG_WARN_NON_LITERAL_NULL_CONVERSION = YES;
				CLANG_WARN_OBJC_IMPLICIT_RETAIN_SELF = YES;
				CLANG_WARN_OBJC_LITERAL_CONVERSION = YES;
				CLANG_WARN_OBJC_ROOT_CLASS = YES_ERROR;
				CLANG_WARN_QUOTED_INCLUDE_IN_FRAMEWORK_HEADER = YES;
				CLANG_WARN_RANGE_LOOP_ANALYSIS = YES;
				CLANG_WARN_STRICT_PROTOTYPES = YES;
				CLANG_WARN_SUSPICIOUS_MOVE = YES;
				CLANG_WARN_UNGUARDED_AVAILABILITY = YES_AGGRESSIVE;
				CLANG_WARN_UNREACHABLE_CODE = YES;
				CLANG_WARN__DUPLICATE_METHOD_MATCH = YES;
				COPY_PHASE_STRIP = NO;
				DEBUG_INFORMATION_FORMAT = "dwarf-with-dsym";
				ENABLE_NS_ASSERTIONS = NO;
				ENABLE_STRICT_OBJC_MSGSEND = YES;
				GCC_C_LANGUAGE_STANDARD = gnu11;
				GCC_NO_COMMON_BLOCKS = YES;
				GCC_WARN_64_TO_32_BIT_CONVERSION = YES;
				GCC_WARN_ABOUT_RETURN_TYPE = YES_ERROR;
				GCC_WARN_UNDECLARED_SELECTOR = YES;
				GCC_WARN_UNINITIALIZED_AUTOS = YES_AGGRESSIVE;
				GCC_WARN_UNUSED_FUNCTION = YES;
				GCC_WARN_UNUSED_VARIABLE = YES;
				MTL_ENABLE_DEBUG_INFO = NO;
				MTL_FAST_MATH = YES;
				ONLY_ACTIVE_ARCH = YES;
				SUPPORTED_PLATFORMS = "iphonesimulator iphoneos";
				SWIFT_COMPILATION_MODE = wholemodule;
				SWIFT_OPTIMIZATION_LEVEL = "-O";
			};
			name = Release;
		};
		084FDAD32AB6590D0015E8EE /* Debug */ = {
			isa = XCBuildConfiguration;
			buildSettings = {
				ASSETCATALOG_COMPILER_APPICON_NAME = AppIcon;
				ASSETCATALOG_COMPILER_GLOBAL_ACCENT_COLOR_NAME = AccentColor;
				CODE_SIGN_ENTITLEMENTS = crakt/crakt.entitlements;
				CODE_SIGN_STYLE = Automatic;
				CURRENT_PROJECT_VERSION = 1;
				DEVELOPMENT_ASSET_PATHS = "\"crakt/Preview Content\"";
				DEVELOPMENT_TEAM = WLBYAWXK4G;
				ENABLE_PREVIEWS = YES;
				GENERATE_INFOPLIST_FILE = YES;
				"INFOPLIST_KEY_UIApplicationSceneManifest_Generation[sdk=iphoneos*]" = YES;
				"INFOPLIST_KEY_UIApplicationSceneManifest_Generation[sdk=iphonesimulator*]" = YES;
				"INFOPLIST_KEY_UIApplicationSupportsIndirectInputEvents[sdk=iphoneos*]" = YES;
				"INFOPLIST_KEY_UIApplicationSupportsIndirectInputEvents[sdk=iphonesimulator*]" = YES;
				"INFOPLIST_KEY_UILaunchScreen_Generation[sdk=iphoneos*]" = YES;
				"INFOPLIST_KEY_UILaunchScreen_Generation[sdk=iphonesimulator*]" = YES;
				"INFOPLIST_KEY_UIStatusBarStyle[sdk=iphoneos*]" = UIStatusBarStyleDefault;
				"INFOPLIST_KEY_UIStatusBarStyle[sdk=iphonesimulator*]" = UIStatusBarStyleDefault;
				INFOPLIST_KEY_UISupportedInterfaceOrientations_iPad = "UIInterfaceOrientationPortrait UIInterfaceOrientationPortraitUpsideDown UIInterfaceOrientationLandscapeLeft UIInterfaceOrientationLandscapeRight";
				INFOPLIST_KEY_UISupportedInterfaceOrientations_iPhone = "UIInterfaceOrientationPortrait UIInterfaceOrientationLandscapeLeft UIInterfaceOrientationLandscapeRight";
				IPHONEOS_DEPLOYMENT_TARGET = 17.0;
				LD_RUNPATH_SEARCH_PATHS = "@executable_path/Frameworks";
				"LD_RUNPATH_SEARCH_PATHS[sdk=macosx*]" = "@executable_path/../Frameworks";
				MACOSX_DEPLOYMENT_TARGET = 13.3;
				MARKETING_VERSION = 1.0;
				PRODUCT_BUNDLE_IDENTIFIER = kthompson.crakt;
				PRODUCT_NAME = "$(TARGET_NAME)";
				SDKROOT = auto;
				SUPPORTED_PLATFORMS = "iphonesimulator iphoneos";
				SWIFT_EMIT_LOC_STRINGS = YES;
				SWIFT_VERSION = 5.0;
				TARGETED_DEVICE_FAMILY = "1,2";
			};
			name = Debug;
		};
		084FDAD42AB6590D0015E8EE /* Release */ = {
			isa = XCBuildConfiguration;
			buildSettings = {
				ASSETCATALOG_COMPILER_APPICON_NAME = AppIcon;
				ASSETCATALOG_COMPILER_GLOBAL_ACCENT_COLOR_NAME = AccentColor;
				CODE_SIGN_ENTITLEMENTS = crakt/crakt.entitlements;
				CODE_SIGN_STYLE = Automatic;
				CURRENT_PROJECT_VERSION = 1;
				DEVELOPMENT_ASSET_PATHS = "\"crakt/Preview Content\"";
				DEVELOPMENT_TEAM = WLBYAWXK4G;
				ENABLE_PREVIEWS = YES;
				GENERATE_INFOPLIST_FILE = YES;
				"INFOPLIST_KEY_UIApplicationSceneManifest_Generation[sdk=iphoneos*]" = YES;
				"INFOPLIST_KEY_UIApplicationSceneManifest_Generation[sdk=iphonesimulator*]" = YES;
				"INFOPLIST_KEY_UIApplicationSupportsIndirectInputEvents[sdk=iphoneos*]" = YES;
				"INFOPLIST_KEY_UIApplicationSupportsIndirectInputEvents[sdk=iphonesimulator*]" = YES;
				"INFOPLIST_KEY_UILaunchScreen_Generation[sdk=iphoneos*]" = YES;
				"INFOPLIST_KEY_UILaunchScreen_Generation[sdk=iphonesimulator*]" = YES;
				"INFOPLIST_KEY_UIStatusBarStyle[sdk=iphoneos*]" = UIStatusBarStyleDefault;
				"INFOPLIST_KEY_UIStatusBarStyle[sdk=iphonesimulator*]" = UIStatusBarStyleDefault;
				INFOPLIST_KEY_UISupportedInterfaceOrientations_iPad = "UIInterfaceOrientationPortrait UIInterfaceOrientationPortraitUpsideDown UIInterfaceOrientationLandscapeLeft UIInterfaceOrientationLandscapeRight";
				INFOPLIST_KEY_UISupportedInterfaceOrientations_iPhone = "UIInterfaceOrientationPortrait UIInterfaceOrientationLandscapeLeft UIInterfaceOrientationLandscapeRight";
				IPHONEOS_DEPLOYMENT_TARGET = 17.0;
				LD_RUNPATH_SEARCH_PATHS = "@executable_path/Frameworks";
				"LD_RUNPATH_SEARCH_PATHS[sdk=macosx*]" = "@executable_path/../Frameworks";
				MACOSX_DEPLOYMENT_TARGET = 13.3;
				MARKETING_VERSION = 1.0;
				PRODUCT_BUNDLE_IDENTIFIER = kthompson.crakt;
				PRODUCT_NAME = "$(TARGET_NAME)";
				SDKROOT = auto;
				SUPPORTED_PLATFORMS = "iphonesimulator iphoneos";
				SWIFT_EMIT_LOC_STRINGS = YES;
				SWIFT_VERSION = 5.0;
				TARGETED_DEVICE_FAMILY = "1,2";
			};
			name = Release;
		};
		084FDAD62AB6590D0015E8EE /* Debug */ = {
			isa = XCBuildConfiguration;
			buildSettings = {
				ALWAYS_EMBED_SWIFT_STANDARD_LIBRARIES = YES;
				BUNDLE_LOADER = "$(TEST_HOST)";
				CODE_SIGN_STYLE = Automatic;
				CURRENT_PROJECT_VERSION = 1;
				GENERATE_INFOPLIST_FILE = YES;
				IPHONEOS_DEPLOYMENT_TARGET = 16.4;
				MACOSX_DEPLOYMENT_TARGET = 13.3;
				MARKETING_VERSION = 1.0;
				PRODUCT_BUNDLE_IDENTIFIER = kthompson.craktTests;
				PRODUCT_NAME = "$(TARGET_NAME)";
				SDKROOT = auto;
				SUPPORTED_PLATFORMS = "iphoneos iphonesimulator macosx";
				SWIFT_EMIT_LOC_STRINGS = NO;
				SWIFT_VERSION = 5.0;
				TARGETED_DEVICE_FAMILY = "1,2";
				TEST_HOST = "$(BUILT_PRODUCTS_DIR)/crakt.app/$(BUNDLE_EXECUTABLE_FOLDER_PATH)/crakt";
			};
			name = Debug;
		};
		084FDAD72AB6590D0015E8EE /* Release */ = {
			isa = XCBuildConfiguration;
			buildSettings = {
				ALWAYS_EMBED_SWIFT_STANDARD_LIBRARIES = YES;
				BUNDLE_LOADER = "$(TEST_HOST)";
				CODE_SIGN_STYLE = Automatic;
				CURRENT_PROJECT_VERSION = 1;
				GENERATE_INFOPLIST_FILE = YES;
				IPHONEOS_DEPLOYMENT_TARGET = 16.4;
				MACOSX_DEPLOYMENT_TARGET = 13.3;
				MARKETING_VERSION = 1.0;
				PRODUCT_BUNDLE_IDENTIFIER = kthompson.craktTests;
				PRODUCT_NAME = "$(TARGET_NAME)";
				SDKROOT = auto;
				SUPPORTED_PLATFORMS = "iphoneos iphonesimulator macosx";
				SWIFT_EMIT_LOC_STRINGS = NO;
				SWIFT_VERSION = 5.0;
				TARGETED_DEVICE_FAMILY = "1,2";
				TEST_HOST = "$(BUILT_PRODUCTS_DIR)/crakt.app/$(BUNDLE_EXECUTABLE_FOLDER_PATH)/crakt";
			};
			name = Release;
		};
		084FDAD92AB6590D0015E8EE /* Debug */ = {
			isa = XCBuildConfiguration;
			buildSettings = {
				ALWAYS_EMBED_SWIFT_STANDARD_LIBRARIES = YES;
				CODE_SIGN_STYLE = Automatic;
				CURRENT_PROJECT_VERSION = 1;
				GENERATE_INFOPLIST_FILE = YES;
				IPHONEOS_DEPLOYMENT_TARGET = 16.4;
				MACOSX_DEPLOYMENT_TARGET = 13.3;
				MARKETING_VERSION = 1.0;
				PRODUCT_BUNDLE_IDENTIFIER = kthompson.craktUITests;
				PRODUCT_NAME = "$(TARGET_NAME)";
				SDKROOT = auto;
				SUPPORTED_PLATFORMS = "iphoneos iphonesimulator macosx";
				SWIFT_EMIT_LOC_STRINGS = NO;
				SWIFT_VERSION = 5.0;
				TARGETED_DEVICE_FAMILY = "1,2";
				TEST_TARGET_NAME = crakt;
			};
			name = Debug;
		};
		084FDADA2AB6590D0015E8EE /* Release */ = {
			isa = XCBuildConfiguration;
			buildSettings = {
				ALWAYS_EMBED_SWIFT_STANDARD_LIBRARIES = YES;
				CODE_SIGN_STYLE = Automatic;
				CURRENT_PROJECT_VERSION = 1;
				GENERATE_INFOPLIST_FILE = YES;
				IPHONEOS_DEPLOYMENT_TARGET = 16.4;
				MACOSX_DEPLOYMENT_TARGET = 13.3;
				MARKETING_VERSION = 1.0;
				PRODUCT_BUNDLE_IDENTIFIER = kthompson.craktUITests;
				PRODUCT_NAME = "$(TARGET_NAME)";
				SDKROOT = auto;
				SUPPORTED_PLATFORMS = "iphoneos iphonesimulator macosx";
				SWIFT_EMIT_LOC_STRINGS = NO;
				SWIFT_VERSION = 5.0;
				TARGETED_DEVICE_FAMILY = "1,2";
				TEST_TARGET_NAME = crakt;
			};
			name = Release;
		};
/* End XCBuildConfiguration section */

/* Begin XCConfigurationList section */
		084FDAA32AB6590B0015E8EE /* Build configuration list for PBXProject "crakt" */ = {
			isa = XCConfigurationList;
			buildConfigurations = (
				084FDAD02AB6590D0015E8EE /* Debug */,
				084FDAD12AB6590D0015E8EE /* Release */,
			);
			defaultConfigurationIsVisible = 0;
			defaultConfigurationName = Release;
		};
		084FDAD22AB6590D0015E8EE /* Build configuration list for PBXNativeTarget "crakt" */ = {
			isa = XCConfigurationList;
			buildConfigurations = (
				084FDAD32AB6590D0015E8EE /* Debug */,
				084FDAD42AB6590D0015E8EE /* Release */,
			);
			defaultConfigurationIsVisible = 0;
			defaultConfigurationName = Release;
		};
		084FDAD52AB6590D0015E8EE /* Build configuration list for PBXNativeTarget "craktTests" */ = {
			isa = XCConfigurationList;
			buildConfigurations = (
				084FDAD62AB6590D0015E8EE /* Debug */,
				084FDAD72AB6590D0015E8EE /* Release */,
			);
			defaultConfigurationIsVisible = 0;
			defaultConfigurationName = Release;
		};
		084FDAD82AB6590D0015E8EE /* Build configuration list for PBXNativeTarget "craktUITests" */ = {
			isa = XCConfigurationList;
			buildConfigurations = (
				084FDAD92AB6590D0015E8EE /* Debug */,
				084FDADA2AB6590D0015E8EE /* Release */,
			);
			defaultConfigurationIsVisible = 0;
			defaultConfigurationName = Release;
		};
/* End XCConfigurationList section */
	};
	rootObject = 084FDAA02AB6590B0015E8EE /* Project object */;
}
